
Microsoft Visual Studio Solution File, Format Version 12.00
# Visual Studio 15
VisualStudioVersion = 15.0.26403.7
MinimumVisualStudioVersion = 10.0.40219.1
Project("{FAE04EC0-301F-11D3-BF4B-00C04F79EFBC}") = "PossiblePath", "PossiblePath\PossiblePath.csproj", "{A63D2CF1-246F-4044-8645-117311F5F2B1}"
EndProject
Project("{FAE04EC0-301F-11D3-BF4B-00C04F79EFBC}") = "ConnectingTowns", "ConnectingTowns\ConnectingTowns.csproj", "{86CE0FFE-E011-4CA8-A443-8EC6F813CADC}"
EndProject
Project("{888888A0-9F3D-457C-B088-3A5042F75D52}") = "SummingTheNseries", "SummingTheNseries\SummingTheNseries.pyproj", "{B0AE7837-4C94-41C5-8C3D-C83B803F2FA2}"
EndProject
Project("{2150E333-8FDC-42A3-9474-1A3956D46DE8}") = "RookieRank2", "RookieRank2", "{11805F6D-3D2F-472D-A3C8-56ED4302D10E}"
EndProject
Project("{FAE04EC0-301F-11D3-BF4B-00C04F79EFBC}") = "MigratoryBirds", "MigratoryBirds\MigratoryBirds.csproj", "{F56E4C01-8D49-42F9-A111-63C2D3200A88}"
EndProject
Project("{FAE04EC0-301F-11D3-BF4B-00C04F79EFBC}") = "Minimum Absolute Difference in an Array", "Minimum Absolute Difference in an Array\Minimum Absolute Difference in an Array.csproj", "{E7AA4DC8-349E-4BAC-91BD-7D64E22FCF64}"
EndProject
Project("{FAE04EC0-301F-11D3-BF4B-00C04F79EFBC}") = "HackerRank in a String", "HackerRank in a String\HackerRank in a String.csproj", "{9A5B5B31-6390-4E2D-A978-4074E81FC0B3}"
EndProject
Project("{FAE04EC0-301F-11D3-BF4B-00C04F79EFBC}") = "KnightL on a Chessboard", "KnightL on a Chessboard\KnightL on a Chessboard.csproj", "{43CE031E-FAAE-4718-85CF-F8ECA973D943}"
EndProject
Project("{2150E333-8FDC-42A3-9474-1A3956D46DE8}") = "SQL", "SQL", "{37F44871-BAAC-445A-B341-8807982A067C}"
EndProject
Project("{00D1A9C2-B5F0-4AF3-8072-F6C62B433612}") = "Average Population of Each Continent", "Average Population of Each Continent\Average Population of Each Continent.sqlproj", "{16AE0DCE-F0F9-4F90-A430-585F2A162975}"
EndProject
Project("{00D1A9C2-B5F0-4AF3-8072-F6C62B433612}") = "New Companies", "New Companies\New Companies.sqlproj", "{94B4DD84-6D10-49BA-8453-5C126AD0D9E8}"
EndProject
Project("{00D1A9C2-B5F0-4AF3-8072-F6C62B433612}") = "The Blunder", "The Blunder\The Blunder.sqlproj", "{F3A3145E-F3CB-4C4B-818F-67F7AFB2FE43}"
EndProject
Project("{00D1A9C2-B5F0-4AF3-8072-F6C62B433612}") = "Top Earners", "Top Earners\Top Earners.sqlproj", "{B22E7DA4-9A5C-4C24-A7CE-A9E0E5B7F3E3}"
EndProject
Project("{00D1A9C2-B5F0-4AF3-8072-F6C62B433612}") = "Weather Observation Station 18", "Weather Observation Station 18\Weather Observation Station 18.sqlproj", "{DF0710B8-A1B2-42F4-B812-D62116398C65}"
EndProject
Project("{2150E333-8FDC-42A3-9474-1A3956D46DE8}") = "Cracking the Coding Interview", "Cracking the Coding Interview", "{9D1FB830-CBB2-4F63-A7BC-6B0936CDCDB8}"
EndProject
Project("{FAE04EC0-301F-11D3-BF4B-00C04F79EFBC}") = "LeftRotation", "LeftRotation\LeftRotation.csproj", "{45CE1AD1-2DA0-43DF-B13C-7B43D48C8449}"
EndProject
Project("{FAE04EC0-301F-11D3-BF4B-00C04F79EFBC}") = "Making Anagrams", "Making Anagrams\Making Anagrams.csproj", "{765245F0-0CDF-4AE4-BC6E-DA510C79EA3E}"
EndProject
Project("{FAE04EC0-301F-11D3-BF4B-00C04F79EFBC}") = "Ransom Note", "Ransom Note\Ransom Note.csproj", "{709BEB11-B0B9-494A-8612-664322B2D2F5}"
EndProject
Project("{888888A0-9F3D-457C-B088-3A5042F75D52}") = "Detect a Cycle", "Detect a Cycle\Detect a Cycle.pyproj", "{69CA3666-0608-4D1C-A9E3-37E212071332}"
EndProject
Project("{FAE04EC0-301F-11D3-BF4B-00C04F79EFBC}") = "Stack Balanced", "Stack Balanced\Stack Balanced.csproj", "{8856AAD0-B725-49D8-924F-1CFE6C8BAA92}"
EndProject
Project("{FAE04EC0-301F-11D3-BF4B-00C04F79EFBC}") = "A Tale of Two Stacks", "A Tale of Two Stacks\A Tale of Two Stacks.csproj", "{2E40E1B0-9C90-4D6F-9994-7470ED2870E0}"
EndProject
Project("{888888A0-9F3D-457C-B088-3A5042F75D52}") = "Is This a Binary Search Tree", "Is This a Binary Search Tree\Is This a Binary Search Tree.pyproj", "{ED0C9D2C-4B1B-44F6-85E0-BF61F8719C9C}"
EndProject
Project("{00D1A9C2-B5F0-4AF3-8072-F6C62B433612}") = "The Report", "The Report\The Report.sqlproj", "{1227EF5E-61E6-47C6-B806-2F85799B4648}"
EndProject
Project("{2150E333-8FDC-42A3-9474-1A3956D46DE8}") = "Regex", "Regex", "{D56AE80B-09CA-4DA7-82E8-A78E15DDD65C}"
EndProject
Project("{9A19103F-16F7-4668-BE54-9A1E7A4F7556}") = "Detect HTML Tags", "Detect HTML Tags\Detect HTML Tags.csproj", "{284D0749-F75A-4CF1-AECD-457BC7C10114}"
EndProject
Project("{FAE04EC0-301F-11D3-BF4B-00C04F79EFBC}") = "Alien Username", "Alien Username\Alien Username.csproj", "{479F9DA6-7DFE-465C-8AD3-6551B0639C38}"
EndProject
Project("{FAE04EC0-301F-11D3-BF4B-00C04F79EFBC}") = "Find A Sub-Word", "Find A Sub-Word\Find A Sub-Word.csproj", "{71AA0C3F-E94C-42F1-9E34-A50D65BC1FB3}"
EndProject
Project("{9A19103F-16F7-4668-BE54-9A1E7A4F7556}") = "IP Address Validation", "IP Address Validation\IP Address Validation.csproj", "{5FF51C3E-9A25-4E38-9C61-D87CA4BF70B7}"
EndProject
Project("{9A19103F-16F7-4668-BE54-9A1E7A4F7556}") = "DetectValidLatLong", "DetectValidLatLong\DetectValidLatLong.csproj", "{8169A2B9-173B-4CF7-BA90-CA84F52ED4BA}"
EndProject
Project("{9A19103F-16F7-4668-BE54-9A1E7A4F7556}") = "HackerRank Tweets", "HackerRank Tweets\HackerRank Tweets.csproj", "{C562249D-14E8-4514-A8ED-147B50C8CF08}"
EndProject
Project("{2150E333-8FDC-42A3-9474-1A3956D46DE8}") = "Math", "Math", "{C3726EEF-4950-4AD4-8041-D3B35EBBD620}"
EndProject
Project("{9A19103F-16F7-4668-BE54-9A1E7A4F7556}") = "Maximum Draws", "Maximum Draws\Maximum Draws.csproj", "{F6923394-4665-4088-A2FF-A87471753D84}"
EndProject
Project("{9A19103F-16F7-4668-BE54-9A1E7A4F7556}") = "Build a Stack Exchange Scraper", "Build a Stack Exchange Scraper\Build a Stack Exchange Scraper.csproj", "{AC71943F-2E76-4FC1-93D3-D6B1F4224EC3}"
EndProject
Project("{9A19103F-16F7-4668-BE54-9A1E7A4F7556}") = "Valid PAN format", "Valid PAN format\Valid PAN format.csproj", "{6C0C69A4-658C-4777-8F4A-9D9B0E36C85A}"
EndProject
Project("{9A19103F-16F7-4668-BE54-9A1E7A4F7556}") = "Utopian Identification Number", "Utopian Identification Number\Utopian Identification Number.csproj", "{7A528E34-5B8C-49B7-B9EA-5BF50295C630}"
EndProject
Project("{FAE04EC0-301F-11D3-BF4B-00C04F79EFBC}") = "Find the Running Median", "Find the Running Median\Find the Running Median.csproj", "{89E46990-2E05-40C8-B1EC-E9EC8E1F7BF7}"
EndProject
Project("{00D1A9C2-B5F0-4AF3-8072-F6C62B433612}") = "Top Competitors", "Top Competitors\Top Competitors.sqlproj", "{9A084A79-EA96-49B6-8858-E03443A09A75}"
EndProject
Project("{9A19103F-16F7-4668-BE54-9A1E7A4F7556}") = "Find HackerRank", "Find HackerRank\Find HackerRank.csproj", "{4EF09059-7906-4644-A785-3FBA1AB280A5}"
EndProject
Project("{9A19103F-16F7-4668-BE54-9A1E7A4F7556}") = "Saying Hi", "Saying Hi\Saying Hi.csproj", "{031E879B-1780-4E64-88B5-F91F41703994}"
EndProject
Project("{00D1A9C2-B5F0-4AF3-8072-F6C62B433612}") = "Challenges", "Challenges\Challenges.sqlproj", "{DEE265B2-57C4-437B-86FB-1BCCA4131902}"
EndProject
Project("{9A19103F-16F7-4668-BE54-9A1E7A4F7556}") = "Bubble Sort", "Bubble Sort\Bubble Sort.csproj", "{09AA338B-12F9-4779-985C-FEDCB872C327}"
EndProject
Project("{FAE04EC0-301F-11D3-BF4B-00C04F79EFBC}") = "Contacts", "Contacts\Contacts.csproj", "{6A9DB488-93F0-4CB4-801B-1CDFCB749EE4}"
EndProject
Project("{00D1A9C2-B5F0-4AF3-8072-F6C62B433612}") = "Contest Leaderboard", "Contest Leaderboard\Contest Leaderboard.sqlproj", "{2FDDA85B-CCA4-4BED-BF34-837D70B19C26}"
EndProject
Project("{FAE04EC0-301F-11D3-BF4B-00C04F79EFBC}") = "HackerRank Language", "HackerRank Language\HackerRank Language.csproj", "{8E001B86-A335-421C-853F-1B99B7B0088C}"
EndProject
Project("{FAE04EC0-301F-11D3-BF4B-00C04F79EFBC}") = "Split the Phone Numbers", "Split the Phone Numbers\Split the Phone Numbers.csproj", "{E459AC9C-950B-43F2-BD52-444FABDED54C}"
EndProject
Project("{FAE04EC0-301F-11D3-BF4B-00C04F79EFBC}") = "Detect HTML Attributes", "Detect HTML Attributes\Detect HTML Attributes.csproj", "{8326FB88-26F7-44A3-9CCD-2496004DAFA7}"
EndProject
Project("{FAE04EC0-301F-11D3-BF4B-00C04F79EFBC}") = "TheBritishAmericanStyleSpelling", "TheBritishAmericanStyleSpelling\TheBritishAmericanStyleSpelling.csproj", "{21A26B06-32B9-4390-89B7-D2558E94A54B}"
EndProject
Project("{FAE04EC0-301F-11D3-BF4B-00C04F79EFBC}") = "UK_US", "UK_US\UK_US.csproj", "{ABE329F9-FE11-48A7-86EC-19EAAEA10263}"
EndProject
Project("{00D1A9C2-B5F0-4AF3-8072-F6C62B433612}") = "Projects", "Projects\Projects.sqlproj", "{314A5E8E-069D-4D21-AD89-896DC20AFF0D}"
EndProject
Project("{00D1A9C2-B5F0-4AF3-8072-F6C62B433612}") = "Placements", "Placements\Placements.sqlproj", "{1D4D0163-EBF3-4F95-80A3-F7E2C8361542}"
EndProject
Project("{00D1A9C2-B5F0-4AF3-8072-F6C62B433612}") = "Functions", "Functions\Functions.sqlproj", "{F008A21C-1DB3-416F-B0DE-9A6A38089C18}"
EndProject
Project("{9A19103F-16F7-4668-BE54-9A1E7A4F7556}") = "Counting Inversions", "Counting Inversions\Counting Inversions.csproj", "{655A9FB4-C43D-4A97-847F-E7D53CE6377E}"
EndProject
Project("{2150E333-8FDC-42A3-9474-1A3956D46DE8}") = "Algorithms", "Algorithms", "{864AC428-B6B0-436E-9557-00212A9C030D}"
EndProject
Project("{2150E333-8FDC-42A3-9474-1A3956D46DE8}") = "Warmup", "Warmup", "{BB1BCA7A-322B-4BD3-825A-B0EBE40D4B7F}"
EndProject
Project("{FAE04EC0-301F-11D3-BF4B-00C04F79EFBC}") = "A Very Big Sum", "A Very Big Sum\A Very Big Sum.csproj", "{3458DA1D-76F4-4147-8A24-8615394480D4}"
EndProject
Project("{2150E333-8FDC-42A3-9474-1A3956D46DE8}") = "Strings", "Strings", "{57F150F4-7614-4656-887F-F02BAC57289F}"
EndProject
Project("{FAE04EC0-301F-11D3-BF4B-00C04F79EFBC}") = "Palindrome Index", "Palindrome Index\Palindrome Index.csproj", "{7BB9C993-935A-4D6C-88D6-55892BD08622}"
EndProject
Project("{FAE04EC0-301F-11D3-BF4B-00C04F79EFBC}") = "Alternating Characters", "Alternating Characters\Alternating Characters.csproj", "{20F284A0-9739-49B1-AB47-B165939BEEBD}"
EndProject
Project("{FAE04EC0-301F-11D3-BF4B-00C04F79EFBC}") = "DiagonalDifference", "DiagonalDifference\DiagonalDifference.csproj", "{C6C48AE6-970F-4B7C-8EEA-270D287FFEAB}"
EndProject
Project("{FAE04EC0-301F-11D3-BF4B-00C04F79EFBC}") = "Staircase", "Staircase\Staircase.csproj", "{98A45B9D-EBA2-4282-B50B-5BC689BF91E8}"
EndProject
Project("{FAE04EC0-301F-11D3-BF4B-00C04F79EFBC}") = "Mini-Max Sum", "Mini-Max Sum\Mini-Max Sum.csproj", "{FD86E74B-5326-4836-8479-8BBCC3CC70B2}"
EndProject
Project("{FAE04EC0-301F-11D3-BF4B-00C04F79EFBC}") = "Time Conversion", "Time Conversion\Time Conversion.csproj", "{925BC9E4-F462-410E-8D31-6E76200EC754}"
EndProject
Project("{FAE04EC0-301F-11D3-BF4B-00C04F79EFBC}") = "Birthday Cake Candles", "Birthday Cake Candles\Birthday Cake Candles.csproj", "{CE879712-53C0-4F40-8518-00A4302C2A5A}"
EndProject
Project("{2150E333-8FDC-42A3-9474-1A3956D46DE8}") = "Recursion", "Recursion", "{AFD84C97-0B0C-4E53-BEF5-7999C03DE168}"
EndProject
Project("{FAE04EC0-301F-11D3-BF4B-00C04F79EFBC}") = "ThePowerSum", "ThePowerSum\ThePowerSum.csproj", "{3BEBD8CC-1188-42C3-9F9D-59618FA0ACB3}"
EndProject
Project("{2150E333-8FDC-42A3-9474-1A3956D46DE8}") = "Implementation", "Implementation", "{B31F121B-C2CC-47B5-809D-15005FFC1D08}"
EndProject
Project("{FAE04EC0-301F-11D3-BF4B-00C04F79EFBC}") = "Sherlock and Squares", "Sherlock and Squares\Sherlock and Squares.csproj", "{BAAA3511-16AE-45B1-B3DB-B4D2B4654897}"
EndProject
Project("{FAE04EC0-301F-11D3-BF4B-00C04F79EFBC}") = "Cut_The_Sticks", "Cut_The_Sticks\Cut_The_Sticks.csproj", "{6C108B36-5849-4BA4-A643-A6EBBF07DDDC}"
EndProject
Project("{FAE04EC0-301F-11D3-BF4B-00C04F79EFBC}") = "MatrixLayerRotation", "MatrixLayerRotation\MatrixLayerRotation.csproj", "{FA76179C-7259-4988-9626-5FF47F87C852}"
EndProject
Project("{FAE04EC0-301F-11D3-BF4B-00C04F79EFBC}") = "Jumping on the Clouds", "Jumping on the Clouds\Jumping on the Clouds.csproj", "{DE96B29A-F904-4428-B956-83DC35CC6F86}"
EndProject
Project("{2150E333-8FDC-42A3-9474-1A3956D46DE8}") = "Constructive", "Constructive", "{F7AD2D91-53C5-45B0-B70F-F715D40785AD}"
EndProject
Project("{FAE04EC0-301F-11D3-BF4B-00C04F79EFBC}") = "NewYearChaos", "NewYearChaos\NewYearChaos.csproj", "{C5FA7D98-4942-49D1-A80B-BF08C5FA9EEE}"
EndProject
Project("{FAE04EC0-301F-11D3-BF4B-00C04F79EFBC}") = "Flipping the Matrix", "Flipping the Matrix\Flipping the Matrix.csproj", "{BC54040F-F44E-49CC-9D7E-B00B31DC39E7}"
EndProject
Project("{FAE04EC0-301F-11D3-BF4B-00C04F79EFBC}") = "Bigger is Greater", "Bigger is Greater\Bigger is Greater.csproj", "{91CA4C82-E0E9-4DE3-9F8D-9C23D49798BB}"
EndProject
Project("{FAE04EC0-301F-11D3-BF4B-00C04F79EFBC}") = "Equalize the Array", "Equalize the Array\Equalize the Array.csproj", "{BA80FC30-513C-480D-B600-A0449C9E3CE6}"
EndProject
Project("{FAE04EC0-301F-11D3-BF4B-00C04F79EFBC}") = "Flatland Space Stations", "Flatland Space Stations\Flatland Space Stations.csproj", "{5E8DD115-48A3-4C74-8530-FE44816EC3E6}"
EndProject
Project("{FAE04EC0-301F-11D3-BF4B-00C04F79EFBC}") = "ACM ICPC Team", "ACM ICPC Team\ACM ICPC Team.csproj", "{01F9AB7A-633E-4F1B-9D58-53BA899A3B2E}"
EndProject
Project("{FAE04EC0-301F-11D3-BF4B-00C04F79EFBC}") = "Fair Rations", "Fair Rations\Fair Rations.csproj", "{B9FAE1CE-8328-4B4F-B673-CDC0E9B33539}"
EndProject
Project("{2150E333-8FDC-42A3-9474-1A3956D46DE8}") = "Fundamentals", "Fundamentals", "{9A454563-A548-4063-8A92-6C66BEBD9B21}"
EndProject
Project("{FAE04EC0-301F-11D3-BF4B-00C04F79EFBC}") = "Halloween party", "Halloween party\Halloween party.csproj", "{4801D77E-E929-4D44-A49E-295909E581D4}"
EndProject
Project("{FAE04EC0-301F-11D3-BF4B-00C04F79EFBC}") = "AngryProfessor", "AngryProfessor\AngryProfessor.csproj", "{4A619D71-6D3D-46FA-B137-92AA3F563803}"
EndProject
Project("{FAE04EC0-301F-11D3-BF4B-00C04F79EFBC}") = "Utopian Tree", "Utopian Tree\Utopian Tree.csproj", "{36EC0682-C62C-42F3-A392-CFF7F87D8651}"
EndProject
Project("{2150E333-8FDC-42A3-9474-1A3956D46DE8}") = "Search", "Search", "{2F8807A2-5E55-4CB7-9797-2E46E6FA6569}"
EndProject
Project("{FAE04EC0-301F-11D3-BF4B-00C04F79EFBC}") = "Pairs", "Pairs\Pairs.csproj", "{E7E5C3AB-BBE5-478D-B542-01AE35192408}"
EndProject
Project("{FAE04EC0-301F-11D3-BF4B-00C04F79EFBC}") = "Anagram", "Anagram\Anagram.csproj", "{88B4585C-459B-4E94-B168-1693F4A5ECE8}"
EndProject
Project("{FAE04EC0-301F-11D3-BF4B-00C04F79EFBC}") = "Sherlock and Anagrams", "Sherlock and Anagrams\Sherlock and Anagrams.csproj", "{76A063FD-336A-4717-878B-B6FE04454EA1}"
EndProject
Project("{FAE04EC0-301F-11D3-BF4B-00C04F79EFBC}") = "Game of Thrones - I", "Game of Thrones - I\Game of Thrones - I.csproj", "{CC28E899-434D-4071-B71F-FCE7FF600D6A}"
EndProject
Project("{FAE04EC0-301F-11D3-BF4B-00C04F79EFBC}") = "The Love-Letter Mystery", "The Love-Letter Mystery\The Love-Letter Mystery.csproj", "{BEA231B3-401D-4A47-A4F5-A6A71FF2602C}"
EndProject
Global
	GlobalSection(SolutionConfigurationPlatforms) = preSolution
		Debug|Any CPU = Debug|Any CPU
		Debug|x64 = Debug|x64
		Debug|x86 = Debug|x86
		Release|Any CPU = Release|Any CPU
		Release|x64 = Release|x64
		Release|x86 = Release|x86
	EndGlobalSection
	GlobalSection(ProjectConfigurationPlatforms) = postSolution
		{A63D2CF1-246F-4044-8645-117311F5F2B1}.Debug|Any CPU.ActiveCfg = Debug|Any CPU
		{A63D2CF1-246F-4044-8645-117311F5F2B1}.Debug|Any CPU.Build.0 = Debug|Any CPU
		{A63D2CF1-246F-4044-8645-117311F5F2B1}.Debug|x64.ActiveCfg = Debug|Any CPU
		{A63D2CF1-246F-4044-8645-117311F5F2B1}.Debug|x86.ActiveCfg = Debug|Any CPU
		{A63D2CF1-246F-4044-8645-117311F5F2B1}.Release|Any CPU.ActiveCfg = Release|Any CPU
		{A63D2CF1-246F-4044-8645-117311F5F2B1}.Release|Any CPU.Build.0 = Release|Any CPU
		{A63D2CF1-246F-4044-8645-117311F5F2B1}.Release|x64.ActiveCfg = Release|Any CPU
		{A63D2CF1-246F-4044-8645-117311F5F2B1}.Release|x86.ActiveCfg = Release|Any CPU
		{86CE0FFE-E011-4CA8-A443-8EC6F813CADC}.Debug|Any CPU.ActiveCfg = Debug|Any CPU
		{86CE0FFE-E011-4CA8-A443-8EC6F813CADC}.Debug|Any CPU.Build.0 = Debug|Any CPU
		{86CE0FFE-E011-4CA8-A443-8EC6F813CADC}.Debug|x64.ActiveCfg = Debug|Any CPU
		{86CE0FFE-E011-4CA8-A443-8EC6F813CADC}.Debug|x86.ActiveCfg = Debug|Any CPU
		{86CE0FFE-E011-4CA8-A443-8EC6F813CADC}.Release|Any CPU.ActiveCfg = Release|Any CPU
		{86CE0FFE-E011-4CA8-A443-8EC6F813CADC}.Release|Any CPU.Build.0 = Release|Any CPU
		{86CE0FFE-E011-4CA8-A443-8EC6F813CADC}.Release|x64.ActiveCfg = Release|Any CPU
		{86CE0FFE-E011-4CA8-A443-8EC6F813CADC}.Release|x86.ActiveCfg = Release|Any CPU
		{B0AE7837-4C94-41C5-8C3D-C83B803F2FA2}.Debug|Any CPU.ActiveCfg = Debug|Any CPU
		{B0AE7837-4C94-41C5-8C3D-C83B803F2FA2}.Debug|x64.ActiveCfg = Debug|Any CPU
		{B0AE7837-4C94-41C5-8C3D-C83B803F2FA2}.Debug|x86.ActiveCfg = Debug|Any CPU
		{B0AE7837-4C94-41C5-8C3D-C83B803F2FA2}.Release|Any CPU.ActiveCfg = Release|Any CPU
		{B0AE7837-4C94-41C5-8C3D-C83B803F2FA2}.Release|x64.ActiveCfg = Release|Any CPU
		{B0AE7837-4C94-41C5-8C3D-C83B803F2FA2}.Release|x86.ActiveCfg = Release|Any CPU
		{F56E4C01-8D49-42F9-A111-63C2D3200A88}.Debug|Any CPU.ActiveCfg = Debug|Any CPU
		{F56E4C01-8D49-42F9-A111-63C2D3200A88}.Debug|Any CPU.Build.0 = Debug|Any CPU
		{F56E4C01-8D49-42F9-A111-63C2D3200A88}.Debug|x64.ActiveCfg = Debug|Any CPU
		{F56E4C01-8D49-42F9-A111-63C2D3200A88}.Debug|x86.ActiveCfg = Debug|Any CPU
		{F56E4C01-8D49-42F9-A111-63C2D3200A88}.Release|Any CPU.ActiveCfg = Release|Any CPU
		{F56E4C01-8D49-42F9-A111-63C2D3200A88}.Release|Any CPU.Build.0 = Release|Any CPU
		{F56E4C01-8D49-42F9-A111-63C2D3200A88}.Release|x64.ActiveCfg = Release|Any CPU
		{F56E4C01-8D49-42F9-A111-63C2D3200A88}.Release|x86.ActiveCfg = Release|Any CPU
		{E7AA4DC8-349E-4BAC-91BD-7D64E22FCF64}.Debug|Any CPU.ActiveCfg = Debug|Any CPU
		{E7AA4DC8-349E-4BAC-91BD-7D64E22FCF64}.Debug|Any CPU.Build.0 = Debug|Any CPU
		{E7AA4DC8-349E-4BAC-91BD-7D64E22FCF64}.Debug|x64.ActiveCfg = Debug|Any CPU
		{E7AA4DC8-349E-4BAC-91BD-7D64E22FCF64}.Debug|x86.ActiveCfg = Debug|Any CPU
		{E7AA4DC8-349E-4BAC-91BD-7D64E22FCF64}.Release|Any CPU.ActiveCfg = Release|Any CPU
		{E7AA4DC8-349E-4BAC-91BD-7D64E22FCF64}.Release|Any CPU.Build.0 = Release|Any CPU
		{E7AA4DC8-349E-4BAC-91BD-7D64E22FCF64}.Release|x64.ActiveCfg = Release|Any CPU
		{E7AA4DC8-349E-4BAC-91BD-7D64E22FCF64}.Release|x86.ActiveCfg = Release|Any CPU
		{9A5B5B31-6390-4E2D-A978-4074E81FC0B3}.Debug|Any CPU.ActiveCfg = Debug|Any CPU
		{9A5B5B31-6390-4E2D-A978-4074E81FC0B3}.Debug|Any CPU.Build.0 = Debug|Any CPU
		{9A5B5B31-6390-4E2D-A978-4074E81FC0B3}.Debug|x64.ActiveCfg = Debug|Any CPU
		{9A5B5B31-6390-4E2D-A978-4074E81FC0B3}.Debug|x86.ActiveCfg = Debug|Any CPU
		{9A5B5B31-6390-4E2D-A978-4074E81FC0B3}.Release|Any CPU.ActiveCfg = Release|Any CPU
		{9A5B5B31-6390-4E2D-A978-4074E81FC0B3}.Release|Any CPU.Build.0 = Release|Any CPU
		{9A5B5B31-6390-4E2D-A978-4074E81FC0B3}.Release|x64.ActiveCfg = Release|Any CPU
		{9A5B5B31-6390-4E2D-A978-4074E81FC0B3}.Release|x86.ActiveCfg = Release|Any CPU
		{43CE031E-FAAE-4718-85CF-F8ECA973D943}.Debug|Any CPU.ActiveCfg = Debug|Any CPU
		{43CE031E-FAAE-4718-85CF-F8ECA973D943}.Debug|Any CPU.Build.0 = Debug|Any CPU
		{43CE031E-FAAE-4718-85CF-F8ECA973D943}.Debug|x64.ActiveCfg = Debug|Any CPU
		{43CE031E-FAAE-4718-85CF-F8ECA973D943}.Debug|x86.ActiveCfg = Debug|Any CPU
		{43CE031E-FAAE-4718-85CF-F8ECA973D943}.Release|Any CPU.ActiveCfg = Release|Any CPU
		{43CE031E-FAAE-4718-85CF-F8ECA973D943}.Release|Any CPU.Build.0 = Release|Any CPU
		{43CE031E-FAAE-4718-85CF-F8ECA973D943}.Release|x64.ActiveCfg = Release|Any CPU
		{43CE031E-FAAE-4718-85CF-F8ECA973D943}.Release|x86.ActiveCfg = Release|Any CPU
		{16AE0DCE-F0F9-4F90-A430-585F2A162975}.Debug|Any CPU.ActiveCfg = Debug|Any CPU
		{16AE0DCE-F0F9-4F90-A430-585F2A162975}.Debug|Any CPU.Build.0 = Debug|Any CPU
		{16AE0DCE-F0F9-4F90-A430-585F2A162975}.Debug|Any CPU.Deploy.0 = Debug|Any CPU
		{16AE0DCE-F0F9-4F90-A430-585F2A162975}.Debug|x64.ActiveCfg = Debug|Any CPU
		{16AE0DCE-F0F9-4F90-A430-585F2A162975}.Debug|x86.ActiveCfg = Debug|Any CPU
		{16AE0DCE-F0F9-4F90-A430-585F2A162975}.Release|Any CPU.ActiveCfg = Release|Any CPU
		{16AE0DCE-F0F9-4F90-A430-585F2A162975}.Release|Any CPU.Build.0 = Release|Any CPU
		{16AE0DCE-F0F9-4F90-A430-585F2A162975}.Release|Any CPU.Deploy.0 = Release|Any CPU
		{16AE0DCE-F0F9-4F90-A430-585F2A162975}.Release|x64.ActiveCfg = Release|Any CPU
		{16AE0DCE-F0F9-4F90-A430-585F2A162975}.Release|x86.ActiveCfg = Release|Any CPU
		{94B4DD84-6D10-49BA-8453-5C126AD0D9E8}.Debug|Any CPU.ActiveCfg = Debug|Any CPU
		{94B4DD84-6D10-49BA-8453-5C126AD0D9E8}.Debug|Any CPU.Build.0 = Debug|Any CPU
		{94B4DD84-6D10-49BA-8453-5C126AD0D9E8}.Debug|Any CPU.Deploy.0 = Debug|Any CPU
		{94B4DD84-6D10-49BA-8453-5C126AD0D9E8}.Debug|x64.ActiveCfg = Debug|Any CPU
		{94B4DD84-6D10-49BA-8453-5C126AD0D9E8}.Debug|x86.ActiveCfg = Debug|Any CPU
		{94B4DD84-6D10-49BA-8453-5C126AD0D9E8}.Release|Any CPU.ActiveCfg = Release|Any CPU
		{94B4DD84-6D10-49BA-8453-5C126AD0D9E8}.Release|Any CPU.Build.0 = Release|Any CPU
		{94B4DD84-6D10-49BA-8453-5C126AD0D9E8}.Release|Any CPU.Deploy.0 = Release|Any CPU
		{94B4DD84-6D10-49BA-8453-5C126AD0D9E8}.Release|x64.ActiveCfg = Release|Any CPU
		{94B4DD84-6D10-49BA-8453-5C126AD0D9E8}.Release|x86.ActiveCfg = Release|Any CPU
		{F3A3145E-F3CB-4C4B-818F-67F7AFB2FE43}.Debug|Any CPU.ActiveCfg = Debug|Any CPU
		{F3A3145E-F3CB-4C4B-818F-67F7AFB2FE43}.Debug|Any CPU.Build.0 = Debug|Any CPU
		{F3A3145E-F3CB-4C4B-818F-67F7AFB2FE43}.Debug|Any CPU.Deploy.0 = Debug|Any CPU
		{F3A3145E-F3CB-4C4B-818F-67F7AFB2FE43}.Debug|x64.ActiveCfg = Debug|Any CPU
		{F3A3145E-F3CB-4C4B-818F-67F7AFB2FE43}.Debug|x86.ActiveCfg = Debug|Any CPU
		{F3A3145E-F3CB-4C4B-818F-67F7AFB2FE43}.Release|Any CPU.ActiveCfg = Release|Any CPU
		{F3A3145E-F3CB-4C4B-818F-67F7AFB2FE43}.Release|Any CPU.Build.0 = Release|Any CPU
		{F3A3145E-F3CB-4C4B-818F-67F7AFB2FE43}.Release|Any CPU.Deploy.0 = Release|Any CPU
		{F3A3145E-F3CB-4C4B-818F-67F7AFB2FE43}.Release|x64.ActiveCfg = Release|Any CPU
		{F3A3145E-F3CB-4C4B-818F-67F7AFB2FE43}.Release|x86.ActiveCfg = Release|Any CPU
		{B22E7DA4-9A5C-4C24-A7CE-A9E0E5B7F3E3}.Debug|Any CPU.ActiveCfg = Debug|Any CPU
		{B22E7DA4-9A5C-4C24-A7CE-A9E0E5B7F3E3}.Debug|Any CPU.Build.0 = Debug|Any CPU
		{B22E7DA4-9A5C-4C24-A7CE-A9E0E5B7F3E3}.Debug|Any CPU.Deploy.0 = Debug|Any CPU
		{B22E7DA4-9A5C-4C24-A7CE-A9E0E5B7F3E3}.Debug|x64.ActiveCfg = Debug|Any CPU
		{B22E7DA4-9A5C-4C24-A7CE-A9E0E5B7F3E3}.Debug|x86.ActiveCfg = Debug|Any CPU
		{B22E7DA4-9A5C-4C24-A7CE-A9E0E5B7F3E3}.Release|Any CPU.ActiveCfg = Release|Any CPU
		{B22E7DA4-9A5C-4C24-A7CE-A9E0E5B7F3E3}.Release|Any CPU.Build.0 = Release|Any CPU
		{B22E7DA4-9A5C-4C24-A7CE-A9E0E5B7F3E3}.Release|Any CPU.Deploy.0 = Release|Any CPU
		{B22E7DA4-9A5C-4C24-A7CE-A9E0E5B7F3E3}.Release|x64.ActiveCfg = Release|Any CPU
		{B22E7DA4-9A5C-4C24-A7CE-A9E0E5B7F3E3}.Release|x86.ActiveCfg = Release|Any CPU
		{DF0710B8-A1B2-42F4-B812-D62116398C65}.Debug|Any CPU.ActiveCfg = Debug|Any CPU
		{DF0710B8-A1B2-42F4-B812-D62116398C65}.Debug|Any CPU.Build.0 = Debug|Any CPU
		{DF0710B8-A1B2-42F4-B812-D62116398C65}.Debug|Any CPU.Deploy.0 = Debug|Any CPU
		{DF0710B8-A1B2-42F4-B812-D62116398C65}.Debug|x64.ActiveCfg = Debug|Any CPU
		{DF0710B8-A1B2-42F4-B812-D62116398C65}.Debug|x86.ActiveCfg = Debug|Any CPU
		{DF0710B8-A1B2-42F4-B812-D62116398C65}.Release|Any CPU.ActiveCfg = Release|Any CPU
		{DF0710B8-A1B2-42F4-B812-D62116398C65}.Release|Any CPU.Build.0 = Release|Any CPU
		{DF0710B8-A1B2-42F4-B812-D62116398C65}.Release|Any CPU.Deploy.0 = Release|Any CPU
		{DF0710B8-A1B2-42F4-B812-D62116398C65}.Release|x64.ActiveCfg = Release|Any CPU
		{DF0710B8-A1B2-42F4-B812-D62116398C65}.Release|x86.ActiveCfg = Release|Any CPU
		{45CE1AD1-2DA0-43DF-B13C-7B43D48C8449}.Debug|Any CPU.ActiveCfg = Debug|Any CPU
		{45CE1AD1-2DA0-43DF-B13C-7B43D48C8449}.Debug|Any CPU.Build.0 = Debug|Any CPU
		{45CE1AD1-2DA0-43DF-B13C-7B43D48C8449}.Debug|x64.ActiveCfg = Debug|Any CPU
		{45CE1AD1-2DA0-43DF-B13C-7B43D48C8449}.Debug|x86.ActiveCfg = Debug|Any CPU
		{45CE1AD1-2DA0-43DF-B13C-7B43D48C8449}.Release|Any CPU.ActiveCfg = Release|Any CPU
		{45CE1AD1-2DA0-43DF-B13C-7B43D48C8449}.Release|Any CPU.Build.0 = Release|Any CPU
		{45CE1AD1-2DA0-43DF-B13C-7B43D48C8449}.Release|x64.ActiveCfg = Release|Any CPU
		{45CE1AD1-2DA0-43DF-B13C-7B43D48C8449}.Release|x86.ActiveCfg = Release|Any CPU
		{765245F0-0CDF-4AE4-BC6E-DA510C79EA3E}.Debug|Any CPU.ActiveCfg = Debug|Any CPU
		{765245F0-0CDF-4AE4-BC6E-DA510C79EA3E}.Debug|Any CPU.Build.0 = Debug|Any CPU
		{765245F0-0CDF-4AE4-BC6E-DA510C79EA3E}.Debug|x64.ActiveCfg = Debug|Any CPU
		{765245F0-0CDF-4AE4-BC6E-DA510C79EA3E}.Debug|x86.ActiveCfg = Debug|Any CPU
		{765245F0-0CDF-4AE4-BC6E-DA510C79EA3E}.Release|Any CPU.ActiveCfg = Release|Any CPU
		{765245F0-0CDF-4AE4-BC6E-DA510C79EA3E}.Release|Any CPU.Build.0 = Release|Any CPU
		{765245F0-0CDF-4AE4-BC6E-DA510C79EA3E}.Release|x64.ActiveCfg = Release|Any CPU
		{765245F0-0CDF-4AE4-BC6E-DA510C79EA3E}.Release|x86.ActiveCfg = Release|Any CPU
		{709BEB11-B0B9-494A-8612-664322B2D2F5}.Debug|Any CPU.ActiveCfg = Debug|Any CPU
		{709BEB11-B0B9-494A-8612-664322B2D2F5}.Debug|Any CPU.Build.0 = Debug|Any CPU
		{709BEB11-B0B9-494A-8612-664322B2D2F5}.Debug|x64.ActiveCfg = Debug|Any CPU
		{709BEB11-B0B9-494A-8612-664322B2D2F5}.Debug|x86.ActiveCfg = Debug|Any CPU
		{709BEB11-B0B9-494A-8612-664322B2D2F5}.Release|Any CPU.ActiveCfg = Release|Any CPU
		{709BEB11-B0B9-494A-8612-664322B2D2F5}.Release|Any CPU.Build.0 = Release|Any CPU
		{709BEB11-B0B9-494A-8612-664322B2D2F5}.Release|x64.ActiveCfg = Release|Any CPU
		{709BEB11-B0B9-494A-8612-664322B2D2F5}.Release|x86.ActiveCfg = Release|Any CPU
		{69CA3666-0608-4D1C-A9E3-37E212071332}.Debug|Any CPU.ActiveCfg = Debug|Any CPU
		{69CA3666-0608-4D1C-A9E3-37E212071332}.Debug|x64.ActiveCfg = Debug|Any CPU
		{69CA3666-0608-4D1C-A9E3-37E212071332}.Debug|x86.ActiveCfg = Debug|Any CPU
		{69CA3666-0608-4D1C-A9E3-37E212071332}.Release|Any CPU.ActiveCfg = Release|Any CPU
		{69CA3666-0608-4D1C-A9E3-37E212071332}.Release|x64.ActiveCfg = Release|Any CPU
		{69CA3666-0608-4D1C-A9E3-37E212071332}.Release|x86.ActiveCfg = Release|Any CPU
		{8856AAD0-B725-49D8-924F-1CFE6C8BAA92}.Debug|Any CPU.ActiveCfg = Debug|Any CPU
		{8856AAD0-B725-49D8-924F-1CFE6C8BAA92}.Debug|Any CPU.Build.0 = Debug|Any CPU
		{8856AAD0-B725-49D8-924F-1CFE6C8BAA92}.Debug|x64.ActiveCfg = Debug|Any CPU
		{8856AAD0-B725-49D8-924F-1CFE6C8BAA92}.Debug|x64.Build.0 = Debug|Any CPU
		{8856AAD0-B725-49D8-924F-1CFE6C8BAA92}.Debug|x86.ActiveCfg = Debug|Any CPU
		{8856AAD0-B725-49D8-924F-1CFE6C8BAA92}.Debug|x86.Build.0 = Debug|Any CPU
		{8856AAD0-B725-49D8-924F-1CFE6C8BAA92}.Release|Any CPU.ActiveCfg = Release|Any CPU
		{8856AAD0-B725-49D8-924F-1CFE6C8BAA92}.Release|Any CPU.Build.0 = Release|Any CPU
		{8856AAD0-B725-49D8-924F-1CFE6C8BAA92}.Release|x64.ActiveCfg = Release|Any CPU
		{8856AAD0-B725-49D8-924F-1CFE6C8BAA92}.Release|x64.Build.0 = Release|Any CPU
		{8856AAD0-B725-49D8-924F-1CFE6C8BAA92}.Release|x86.ActiveCfg = Release|Any CPU
		{8856AAD0-B725-49D8-924F-1CFE6C8BAA92}.Release|x86.Build.0 = Release|Any CPU
		{2E40E1B0-9C90-4D6F-9994-7470ED2870E0}.Debug|Any CPU.ActiveCfg = Debug|Any CPU
		{2E40E1B0-9C90-4D6F-9994-7470ED2870E0}.Debug|Any CPU.Build.0 = Debug|Any CPU
		{2E40E1B0-9C90-4D6F-9994-7470ED2870E0}.Debug|x64.ActiveCfg = Debug|Any CPU
		{2E40E1B0-9C90-4D6F-9994-7470ED2870E0}.Debug|x64.Build.0 = Debug|Any CPU
		{2E40E1B0-9C90-4D6F-9994-7470ED2870E0}.Debug|x86.ActiveCfg = Debug|Any CPU
		{2E40E1B0-9C90-4D6F-9994-7470ED2870E0}.Debug|x86.Build.0 = Debug|Any CPU
		{2E40E1B0-9C90-4D6F-9994-7470ED2870E0}.Release|Any CPU.ActiveCfg = Release|Any CPU
		{2E40E1B0-9C90-4D6F-9994-7470ED2870E0}.Release|Any CPU.Build.0 = Release|Any CPU
		{2E40E1B0-9C90-4D6F-9994-7470ED2870E0}.Release|x64.ActiveCfg = Release|Any CPU
		{2E40E1B0-9C90-4D6F-9994-7470ED2870E0}.Release|x64.Build.0 = Release|Any CPU
		{2E40E1B0-9C90-4D6F-9994-7470ED2870E0}.Release|x86.ActiveCfg = Release|Any CPU
		{2E40E1B0-9C90-4D6F-9994-7470ED2870E0}.Release|x86.Build.0 = Release|Any CPU
		{ED0C9D2C-4B1B-44F6-85E0-BF61F8719C9C}.Debug|Any CPU.ActiveCfg = Debug|Any CPU
		{ED0C9D2C-4B1B-44F6-85E0-BF61F8719C9C}.Debug|x64.ActiveCfg = Debug|Any CPU
		{ED0C9D2C-4B1B-44F6-85E0-BF61F8719C9C}.Debug|x86.ActiveCfg = Debug|Any CPU
		{ED0C9D2C-4B1B-44F6-85E0-BF61F8719C9C}.Release|Any CPU.ActiveCfg = Release|Any CPU
		{ED0C9D2C-4B1B-44F6-85E0-BF61F8719C9C}.Release|x64.ActiveCfg = Release|Any CPU
		{ED0C9D2C-4B1B-44F6-85E0-BF61F8719C9C}.Release|x86.ActiveCfg = Release|Any CPU
		{1227EF5E-61E6-47C6-B806-2F85799B4648}.Debug|Any CPU.ActiveCfg = Debug|Any CPU
		{1227EF5E-61E6-47C6-B806-2F85799B4648}.Debug|Any CPU.Build.0 = Debug|Any CPU
		{1227EF5E-61E6-47C6-B806-2F85799B4648}.Debug|Any CPU.Deploy.0 = Debug|Any CPU
		{1227EF5E-61E6-47C6-B806-2F85799B4648}.Debug|x64.ActiveCfg = Debug|Any CPU
		{1227EF5E-61E6-47C6-B806-2F85799B4648}.Debug|x64.Build.0 = Debug|Any CPU
		{1227EF5E-61E6-47C6-B806-2F85799B4648}.Debug|x64.Deploy.0 = Debug|Any CPU
		{1227EF5E-61E6-47C6-B806-2F85799B4648}.Debug|x86.ActiveCfg = Debug|Any CPU
		{1227EF5E-61E6-47C6-B806-2F85799B4648}.Debug|x86.Build.0 = Debug|Any CPU
		{1227EF5E-61E6-47C6-B806-2F85799B4648}.Debug|x86.Deploy.0 = Debug|Any CPU
		{1227EF5E-61E6-47C6-B806-2F85799B4648}.Release|Any CPU.ActiveCfg = Release|Any CPU
		{1227EF5E-61E6-47C6-B806-2F85799B4648}.Release|Any CPU.Build.0 = Release|Any CPU
		{1227EF5E-61E6-47C6-B806-2F85799B4648}.Release|Any CPU.Deploy.0 = Release|Any CPU
		{1227EF5E-61E6-47C6-B806-2F85799B4648}.Release|x64.ActiveCfg = Release|Any CPU
		{1227EF5E-61E6-47C6-B806-2F85799B4648}.Release|x64.Build.0 = Release|Any CPU
		{1227EF5E-61E6-47C6-B806-2F85799B4648}.Release|x64.Deploy.0 = Release|Any CPU
		{1227EF5E-61E6-47C6-B806-2F85799B4648}.Release|x86.ActiveCfg = Release|Any CPU
		{1227EF5E-61E6-47C6-B806-2F85799B4648}.Release|x86.Build.0 = Release|Any CPU
		{1227EF5E-61E6-47C6-B806-2F85799B4648}.Release|x86.Deploy.0 = Release|Any CPU
		{284D0749-F75A-4CF1-AECD-457BC7C10114}.Debug|Any CPU.ActiveCfg = Debug|Any CPU
		{284D0749-F75A-4CF1-AECD-457BC7C10114}.Debug|Any CPU.Build.0 = Debug|Any CPU
		{284D0749-F75A-4CF1-AECD-457BC7C10114}.Debug|x64.ActiveCfg = Debug|Any CPU
		{284D0749-F75A-4CF1-AECD-457BC7C10114}.Debug|x64.Build.0 = Debug|Any CPU
		{284D0749-F75A-4CF1-AECD-457BC7C10114}.Debug|x86.ActiveCfg = Debug|Any CPU
		{284D0749-F75A-4CF1-AECD-457BC7C10114}.Debug|x86.Build.0 = Debug|Any CPU
		{284D0749-F75A-4CF1-AECD-457BC7C10114}.Release|Any CPU.ActiveCfg = Release|Any CPU
		{284D0749-F75A-4CF1-AECD-457BC7C10114}.Release|Any CPU.Build.0 = Release|Any CPU
		{284D0749-F75A-4CF1-AECD-457BC7C10114}.Release|x64.ActiveCfg = Release|Any CPU
		{284D0749-F75A-4CF1-AECD-457BC7C10114}.Release|x64.Build.0 = Release|Any CPU
		{284D0749-F75A-4CF1-AECD-457BC7C10114}.Release|x86.ActiveCfg = Release|Any CPU
		{284D0749-F75A-4CF1-AECD-457BC7C10114}.Release|x86.Build.0 = Release|Any CPU
		{479F9DA6-7DFE-465C-8AD3-6551B0639C38}.Debug|Any CPU.ActiveCfg = Debug|Any CPU
		{479F9DA6-7DFE-465C-8AD3-6551B0639C38}.Debug|Any CPU.Build.0 = Debug|Any CPU
		{479F9DA6-7DFE-465C-8AD3-6551B0639C38}.Debug|x64.ActiveCfg = Debug|Any CPU
		{479F9DA6-7DFE-465C-8AD3-6551B0639C38}.Debug|x64.Build.0 = Debug|Any CPU
		{479F9DA6-7DFE-465C-8AD3-6551B0639C38}.Debug|x86.ActiveCfg = Debug|Any CPU
		{479F9DA6-7DFE-465C-8AD3-6551B0639C38}.Debug|x86.Build.0 = Debug|Any CPU
		{479F9DA6-7DFE-465C-8AD3-6551B0639C38}.Release|Any CPU.ActiveCfg = Release|Any CPU
		{479F9DA6-7DFE-465C-8AD3-6551B0639C38}.Release|Any CPU.Build.0 = Release|Any CPU
		{479F9DA6-7DFE-465C-8AD3-6551B0639C38}.Release|x64.ActiveCfg = Release|Any CPU
		{479F9DA6-7DFE-465C-8AD3-6551B0639C38}.Release|x64.Build.0 = Release|Any CPU
		{479F9DA6-7DFE-465C-8AD3-6551B0639C38}.Release|x86.ActiveCfg = Release|Any CPU
		{479F9DA6-7DFE-465C-8AD3-6551B0639C38}.Release|x86.Build.0 = Release|Any CPU
		{71AA0C3F-E94C-42F1-9E34-A50D65BC1FB3}.Debug|Any CPU.ActiveCfg = Debug|Any CPU
		{71AA0C3F-E94C-42F1-9E34-A50D65BC1FB3}.Debug|Any CPU.Build.0 = Debug|Any CPU
		{71AA0C3F-E94C-42F1-9E34-A50D65BC1FB3}.Debug|x64.ActiveCfg = Debug|Any CPU
		{71AA0C3F-E94C-42F1-9E34-A50D65BC1FB3}.Debug|x64.Build.0 = Debug|Any CPU
		{71AA0C3F-E94C-42F1-9E34-A50D65BC1FB3}.Debug|x86.ActiveCfg = Debug|Any CPU
		{71AA0C3F-E94C-42F1-9E34-A50D65BC1FB3}.Debug|x86.Build.0 = Debug|Any CPU
		{71AA0C3F-E94C-42F1-9E34-A50D65BC1FB3}.Release|Any CPU.ActiveCfg = Release|Any CPU
		{71AA0C3F-E94C-42F1-9E34-A50D65BC1FB3}.Release|Any CPU.Build.0 = Release|Any CPU
		{71AA0C3F-E94C-42F1-9E34-A50D65BC1FB3}.Release|x64.ActiveCfg = Release|Any CPU
		{71AA0C3F-E94C-42F1-9E34-A50D65BC1FB3}.Release|x64.Build.0 = Release|Any CPU
		{71AA0C3F-E94C-42F1-9E34-A50D65BC1FB3}.Release|x86.ActiveCfg = Release|Any CPU
		{71AA0C3F-E94C-42F1-9E34-A50D65BC1FB3}.Release|x86.Build.0 = Release|Any CPU
		{5FF51C3E-9A25-4E38-9C61-D87CA4BF70B7}.Debug|Any CPU.ActiveCfg = Debug|Any CPU
		{5FF51C3E-9A25-4E38-9C61-D87CA4BF70B7}.Debug|Any CPU.Build.0 = Debug|Any CPU
		{5FF51C3E-9A25-4E38-9C61-D87CA4BF70B7}.Debug|x64.ActiveCfg = Debug|Any CPU
		{5FF51C3E-9A25-4E38-9C61-D87CA4BF70B7}.Debug|x64.Build.0 = Debug|Any CPU
		{5FF51C3E-9A25-4E38-9C61-D87CA4BF70B7}.Debug|x86.ActiveCfg = Debug|Any CPU
		{5FF51C3E-9A25-4E38-9C61-D87CA4BF70B7}.Debug|x86.Build.0 = Debug|Any CPU
		{5FF51C3E-9A25-4E38-9C61-D87CA4BF70B7}.Release|Any CPU.ActiveCfg = Release|Any CPU
		{5FF51C3E-9A25-4E38-9C61-D87CA4BF70B7}.Release|Any CPU.Build.0 = Release|Any CPU
		{5FF51C3E-9A25-4E38-9C61-D87CA4BF70B7}.Release|x64.ActiveCfg = Release|Any CPU
		{5FF51C3E-9A25-4E38-9C61-D87CA4BF70B7}.Release|x64.Build.0 = Release|Any CPU
		{5FF51C3E-9A25-4E38-9C61-D87CA4BF70B7}.Release|x86.ActiveCfg = Release|Any CPU
		{5FF51C3E-9A25-4E38-9C61-D87CA4BF70B7}.Release|x86.Build.0 = Release|Any CPU
		{8169A2B9-173B-4CF7-BA90-CA84F52ED4BA}.Debug|Any CPU.ActiveCfg = Debug|Any CPU
		{8169A2B9-173B-4CF7-BA90-CA84F52ED4BA}.Debug|Any CPU.Build.0 = Debug|Any CPU
		{8169A2B9-173B-4CF7-BA90-CA84F52ED4BA}.Debug|x64.ActiveCfg = Debug|Any CPU
		{8169A2B9-173B-4CF7-BA90-CA84F52ED4BA}.Debug|x64.Build.0 = Debug|Any CPU
		{8169A2B9-173B-4CF7-BA90-CA84F52ED4BA}.Debug|x86.ActiveCfg = Debug|Any CPU
		{8169A2B9-173B-4CF7-BA90-CA84F52ED4BA}.Debug|x86.Build.0 = Debug|Any CPU
		{8169A2B9-173B-4CF7-BA90-CA84F52ED4BA}.Release|Any CPU.ActiveCfg = Release|Any CPU
		{8169A2B9-173B-4CF7-BA90-CA84F52ED4BA}.Release|Any CPU.Build.0 = Release|Any CPU
		{8169A2B9-173B-4CF7-BA90-CA84F52ED4BA}.Release|x64.ActiveCfg = Release|Any CPU
		{8169A2B9-173B-4CF7-BA90-CA84F52ED4BA}.Release|x64.Build.0 = Release|Any CPU
		{8169A2B9-173B-4CF7-BA90-CA84F52ED4BA}.Release|x86.ActiveCfg = Release|Any CPU
		{8169A2B9-173B-4CF7-BA90-CA84F52ED4BA}.Release|x86.Build.0 = Release|Any CPU
		{C562249D-14E8-4514-A8ED-147B50C8CF08}.Debug|Any CPU.ActiveCfg = Debug|Any CPU
		{C562249D-14E8-4514-A8ED-147B50C8CF08}.Debug|Any CPU.Build.0 = Debug|Any CPU
		{C562249D-14E8-4514-A8ED-147B50C8CF08}.Debug|x64.ActiveCfg = Debug|Any CPU
		{C562249D-14E8-4514-A8ED-147B50C8CF08}.Debug|x64.Build.0 = Debug|Any CPU
		{C562249D-14E8-4514-A8ED-147B50C8CF08}.Debug|x86.ActiveCfg = Debug|Any CPU
		{C562249D-14E8-4514-A8ED-147B50C8CF08}.Debug|x86.Build.0 = Debug|Any CPU
		{C562249D-14E8-4514-A8ED-147B50C8CF08}.Release|Any CPU.ActiveCfg = Release|Any CPU
		{C562249D-14E8-4514-A8ED-147B50C8CF08}.Release|Any CPU.Build.0 = Release|Any CPU
		{C562249D-14E8-4514-A8ED-147B50C8CF08}.Release|x64.ActiveCfg = Release|Any CPU
		{C562249D-14E8-4514-A8ED-147B50C8CF08}.Release|x64.Build.0 = Release|Any CPU
		{C562249D-14E8-4514-A8ED-147B50C8CF08}.Release|x86.ActiveCfg = Release|Any CPU
		{C562249D-14E8-4514-A8ED-147B50C8CF08}.Release|x86.Build.0 = Release|Any CPU
		{F6923394-4665-4088-A2FF-A87471753D84}.Debug|Any CPU.ActiveCfg = Debug|Any CPU
		{F6923394-4665-4088-A2FF-A87471753D84}.Debug|Any CPU.Build.0 = Debug|Any CPU
		{F6923394-4665-4088-A2FF-A87471753D84}.Debug|x64.ActiveCfg = Debug|Any CPU
		{F6923394-4665-4088-A2FF-A87471753D84}.Debug|x64.Build.0 = Debug|Any CPU
		{F6923394-4665-4088-A2FF-A87471753D84}.Debug|x86.ActiveCfg = Debug|Any CPU
		{F6923394-4665-4088-A2FF-A87471753D84}.Debug|x86.Build.0 = Debug|Any CPU
		{F6923394-4665-4088-A2FF-A87471753D84}.Release|Any CPU.ActiveCfg = Release|Any CPU
		{F6923394-4665-4088-A2FF-A87471753D84}.Release|Any CPU.Build.0 = Release|Any CPU
		{F6923394-4665-4088-A2FF-A87471753D84}.Release|x64.ActiveCfg = Release|Any CPU
		{F6923394-4665-4088-A2FF-A87471753D84}.Release|x64.Build.0 = Release|Any CPU
		{F6923394-4665-4088-A2FF-A87471753D84}.Release|x86.ActiveCfg = Release|Any CPU
		{F6923394-4665-4088-A2FF-A87471753D84}.Release|x86.Build.0 = Release|Any CPU
		{AC71943F-2E76-4FC1-93D3-D6B1F4224EC3}.Debug|Any CPU.ActiveCfg = Debug|Any CPU
		{AC71943F-2E76-4FC1-93D3-D6B1F4224EC3}.Debug|Any CPU.Build.0 = Debug|Any CPU
		{AC71943F-2E76-4FC1-93D3-D6B1F4224EC3}.Debug|x64.ActiveCfg = Debug|Any CPU
		{AC71943F-2E76-4FC1-93D3-D6B1F4224EC3}.Debug|x64.Build.0 = Debug|Any CPU
		{AC71943F-2E76-4FC1-93D3-D6B1F4224EC3}.Debug|x86.ActiveCfg = Debug|Any CPU
		{AC71943F-2E76-4FC1-93D3-D6B1F4224EC3}.Debug|x86.Build.0 = Debug|Any CPU
		{AC71943F-2E76-4FC1-93D3-D6B1F4224EC3}.Release|Any CPU.ActiveCfg = Release|Any CPU
		{AC71943F-2E76-4FC1-93D3-D6B1F4224EC3}.Release|Any CPU.Build.0 = Release|Any CPU
		{AC71943F-2E76-4FC1-93D3-D6B1F4224EC3}.Release|x64.ActiveCfg = Release|Any CPU
		{AC71943F-2E76-4FC1-93D3-D6B1F4224EC3}.Release|x64.Build.0 = Release|Any CPU
		{AC71943F-2E76-4FC1-93D3-D6B1F4224EC3}.Release|x86.ActiveCfg = Release|Any CPU
		{AC71943F-2E76-4FC1-93D3-D6B1F4224EC3}.Release|x86.Build.0 = Release|Any CPU
		{6C0C69A4-658C-4777-8F4A-9D9B0E36C85A}.Debug|Any CPU.ActiveCfg = Debug|Any CPU
		{6C0C69A4-658C-4777-8F4A-9D9B0E36C85A}.Debug|Any CPU.Build.0 = Debug|Any CPU
		{6C0C69A4-658C-4777-8F4A-9D9B0E36C85A}.Debug|x64.ActiveCfg = Debug|Any CPU
		{6C0C69A4-658C-4777-8F4A-9D9B0E36C85A}.Debug|x64.Build.0 = Debug|Any CPU
		{6C0C69A4-658C-4777-8F4A-9D9B0E36C85A}.Debug|x86.ActiveCfg = Debug|Any CPU
		{6C0C69A4-658C-4777-8F4A-9D9B0E36C85A}.Debug|x86.Build.0 = Debug|Any CPU
		{6C0C69A4-658C-4777-8F4A-9D9B0E36C85A}.Release|Any CPU.ActiveCfg = Release|Any CPU
		{6C0C69A4-658C-4777-8F4A-9D9B0E36C85A}.Release|Any CPU.Build.0 = Release|Any CPU
		{6C0C69A4-658C-4777-8F4A-9D9B0E36C85A}.Release|x64.ActiveCfg = Release|Any CPU
		{6C0C69A4-658C-4777-8F4A-9D9B0E36C85A}.Release|x64.Build.0 = Release|Any CPU
		{6C0C69A4-658C-4777-8F4A-9D9B0E36C85A}.Release|x86.ActiveCfg = Release|Any CPU
		{6C0C69A4-658C-4777-8F4A-9D9B0E36C85A}.Release|x86.Build.0 = Release|Any CPU
		{7A528E34-5B8C-49B7-B9EA-5BF50295C630}.Debug|Any CPU.ActiveCfg = Debug|Any CPU
		{7A528E34-5B8C-49B7-B9EA-5BF50295C630}.Debug|Any CPU.Build.0 = Debug|Any CPU
		{7A528E34-5B8C-49B7-B9EA-5BF50295C630}.Debug|x64.ActiveCfg = Debug|Any CPU
		{7A528E34-5B8C-49B7-B9EA-5BF50295C630}.Debug|x64.Build.0 = Debug|Any CPU
		{7A528E34-5B8C-49B7-B9EA-5BF50295C630}.Debug|x86.ActiveCfg = Debug|Any CPU
		{7A528E34-5B8C-49B7-B9EA-5BF50295C630}.Debug|x86.Build.0 = Debug|Any CPU
		{7A528E34-5B8C-49B7-B9EA-5BF50295C630}.Release|Any CPU.ActiveCfg = Release|Any CPU
		{7A528E34-5B8C-49B7-B9EA-5BF50295C630}.Release|Any CPU.Build.0 = Release|Any CPU
		{7A528E34-5B8C-49B7-B9EA-5BF50295C630}.Release|x64.ActiveCfg = Release|Any CPU
		{7A528E34-5B8C-49B7-B9EA-5BF50295C630}.Release|x64.Build.0 = Release|Any CPU
		{7A528E34-5B8C-49B7-B9EA-5BF50295C630}.Release|x86.ActiveCfg = Release|Any CPU
		{7A528E34-5B8C-49B7-B9EA-5BF50295C630}.Release|x86.Build.0 = Release|Any CPU
		{89E46990-2E05-40C8-B1EC-E9EC8E1F7BF7}.Debug|Any CPU.ActiveCfg = Debug|Any CPU
		{89E46990-2E05-40C8-B1EC-E9EC8E1F7BF7}.Debug|Any CPU.Build.0 = Debug|Any CPU
		{89E46990-2E05-40C8-B1EC-E9EC8E1F7BF7}.Debug|x64.ActiveCfg = Debug|Any CPU
		{89E46990-2E05-40C8-B1EC-E9EC8E1F7BF7}.Debug|x64.Build.0 = Debug|Any CPU
		{89E46990-2E05-40C8-B1EC-E9EC8E1F7BF7}.Debug|x86.ActiveCfg = Debug|Any CPU
		{89E46990-2E05-40C8-B1EC-E9EC8E1F7BF7}.Debug|x86.Build.0 = Debug|Any CPU
		{89E46990-2E05-40C8-B1EC-E9EC8E1F7BF7}.Release|Any CPU.ActiveCfg = Release|Any CPU
		{89E46990-2E05-40C8-B1EC-E9EC8E1F7BF7}.Release|Any CPU.Build.0 = Release|Any CPU
		{89E46990-2E05-40C8-B1EC-E9EC8E1F7BF7}.Release|x64.ActiveCfg = Release|Any CPU
		{89E46990-2E05-40C8-B1EC-E9EC8E1F7BF7}.Release|x64.Build.0 = Release|Any CPU
		{89E46990-2E05-40C8-B1EC-E9EC8E1F7BF7}.Release|x86.ActiveCfg = Release|Any CPU
		{89E46990-2E05-40C8-B1EC-E9EC8E1F7BF7}.Release|x86.Build.0 = Release|Any CPU
		{9A084A79-EA96-49B6-8858-E03443A09A75}.Debug|Any CPU.ActiveCfg = Debug|Any CPU
		{9A084A79-EA96-49B6-8858-E03443A09A75}.Debug|Any CPU.Build.0 = Debug|Any CPU
		{9A084A79-EA96-49B6-8858-E03443A09A75}.Debug|Any CPU.Deploy.0 = Debug|Any CPU
		{9A084A79-EA96-49B6-8858-E03443A09A75}.Debug|x64.ActiveCfg = Debug|Any CPU
		{9A084A79-EA96-49B6-8858-E03443A09A75}.Debug|x64.Build.0 = Debug|Any CPU
		{9A084A79-EA96-49B6-8858-E03443A09A75}.Debug|x64.Deploy.0 = Debug|Any CPU
		{9A084A79-EA96-49B6-8858-E03443A09A75}.Debug|x86.ActiveCfg = Debug|Any CPU
		{9A084A79-EA96-49B6-8858-E03443A09A75}.Debug|x86.Build.0 = Debug|Any CPU
		{9A084A79-EA96-49B6-8858-E03443A09A75}.Debug|x86.Deploy.0 = Debug|Any CPU
		{9A084A79-EA96-49B6-8858-E03443A09A75}.Release|Any CPU.ActiveCfg = Release|Any CPU
		{9A084A79-EA96-49B6-8858-E03443A09A75}.Release|Any CPU.Build.0 = Release|Any CPU
		{9A084A79-EA96-49B6-8858-E03443A09A75}.Release|Any CPU.Deploy.0 = Release|Any CPU
		{9A084A79-EA96-49B6-8858-E03443A09A75}.Release|x64.ActiveCfg = Release|Any CPU
		{9A084A79-EA96-49B6-8858-E03443A09A75}.Release|x64.Build.0 = Release|Any CPU
		{9A084A79-EA96-49B6-8858-E03443A09A75}.Release|x64.Deploy.0 = Release|Any CPU
		{9A084A79-EA96-49B6-8858-E03443A09A75}.Release|x86.ActiveCfg = Release|Any CPU
		{9A084A79-EA96-49B6-8858-E03443A09A75}.Release|x86.Build.0 = Release|Any CPU
		{9A084A79-EA96-49B6-8858-E03443A09A75}.Release|x86.Deploy.0 = Release|Any CPU
		{4EF09059-7906-4644-A785-3FBA1AB280A5}.Debug|Any CPU.ActiveCfg = Debug|Any CPU
		{4EF09059-7906-4644-A785-3FBA1AB280A5}.Debug|Any CPU.Build.0 = Debug|Any CPU
		{4EF09059-7906-4644-A785-3FBA1AB280A5}.Debug|x64.ActiveCfg = Debug|Any CPU
		{4EF09059-7906-4644-A785-3FBA1AB280A5}.Debug|x64.Build.0 = Debug|Any CPU
		{4EF09059-7906-4644-A785-3FBA1AB280A5}.Debug|x86.ActiveCfg = Debug|Any CPU
		{4EF09059-7906-4644-A785-3FBA1AB280A5}.Debug|x86.Build.0 = Debug|Any CPU
		{4EF09059-7906-4644-A785-3FBA1AB280A5}.Release|Any CPU.ActiveCfg = Release|Any CPU
		{4EF09059-7906-4644-A785-3FBA1AB280A5}.Release|Any CPU.Build.0 = Release|Any CPU
		{4EF09059-7906-4644-A785-3FBA1AB280A5}.Release|x64.ActiveCfg = Release|Any CPU
		{4EF09059-7906-4644-A785-3FBA1AB280A5}.Release|x64.Build.0 = Release|Any CPU
		{4EF09059-7906-4644-A785-3FBA1AB280A5}.Release|x86.ActiveCfg = Release|Any CPU
		{4EF09059-7906-4644-A785-3FBA1AB280A5}.Release|x86.Build.0 = Release|Any CPU
		{031E879B-1780-4E64-88B5-F91F41703994}.Debug|Any CPU.ActiveCfg = Debug|Any CPU
		{031E879B-1780-4E64-88B5-F91F41703994}.Debug|Any CPU.Build.0 = Debug|Any CPU
		{031E879B-1780-4E64-88B5-F91F41703994}.Debug|x64.ActiveCfg = Debug|Any CPU
		{031E879B-1780-4E64-88B5-F91F41703994}.Debug|x64.Build.0 = Debug|Any CPU
		{031E879B-1780-4E64-88B5-F91F41703994}.Debug|x86.ActiveCfg = Debug|Any CPU
		{031E879B-1780-4E64-88B5-F91F41703994}.Debug|x86.Build.0 = Debug|Any CPU
		{031E879B-1780-4E64-88B5-F91F41703994}.Release|Any CPU.ActiveCfg = Release|Any CPU
		{031E879B-1780-4E64-88B5-F91F41703994}.Release|Any CPU.Build.0 = Release|Any CPU
		{031E879B-1780-4E64-88B5-F91F41703994}.Release|x64.ActiveCfg = Release|Any CPU
		{031E879B-1780-4E64-88B5-F91F41703994}.Release|x64.Build.0 = Release|Any CPU
		{031E879B-1780-4E64-88B5-F91F41703994}.Release|x86.ActiveCfg = Release|Any CPU
		{031E879B-1780-4E64-88B5-F91F41703994}.Release|x86.Build.0 = Release|Any CPU
		{DEE265B2-57C4-437B-86FB-1BCCA4131902}.Debug|Any CPU.ActiveCfg = Debug|Any CPU
		{DEE265B2-57C4-437B-86FB-1BCCA4131902}.Debug|Any CPU.Build.0 = Debug|Any CPU
		{DEE265B2-57C4-437B-86FB-1BCCA4131902}.Debug|Any CPU.Deploy.0 = Debug|Any CPU
		{DEE265B2-57C4-437B-86FB-1BCCA4131902}.Debug|x64.ActiveCfg = Debug|Any CPU
		{DEE265B2-57C4-437B-86FB-1BCCA4131902}.Debug|x64.Build.0 = Debug|Any CPU
		{DEE265B2-57C4-437B-86FB-1BCCA4131902}.Debug|x64.Deploy.0 = Debug|Any CPU
		{DEE265B2-57C4-437B-86FB-1BCCA4131902}.Debug|x86.ActiveCfg = Debug|Any CPU
		{DEE265B2-57C4-437B-86FB-1BCCA4131902}.Debug|x86.Build.0 = Debug|Any CPU
		{DEE265B2-57C4-437B-86FB-1BCCA4131902}.Debug|x86.Deploy.0 = Debug|Any CPU
		{DEE265B2-57C4-437B-86FB-1BCCA4131902}.Release|Any CPU.ActiveCfg = Release|Any CPU
		{DEE265B2-57C4-437B-86FB-1BCCA4131902}.Release|Any CPU.Build.0 = Release|Any CPU
		{DEE265B2-57C4-437B-86FB-1BCCA4131902}.Release|Any CPU.Deploy.0 = Release|Any CPU
		{DEE265B2-57C4-437B-86FB-1BCCA4131902}.Release|x64.ActiveCfg = Release|Any CPU
		{DEE265B2-57C4-437B-86FB-1BCCA4131902}.Release|x64.Build.0 = Release|Any CPU
		{DEE265B2-57C4-437B-86FB-1BCCA4131902}.Release|x64.Deploy.0 = Release|Any CPU
		{DEE265B2-57C4-437B-86FB-1BCCA4131902}.Release|x86.ActiveCfg = Release|Any CPU
		{DEE265B2-57C4-437B-86FB-1BCCA4131902}.Release|x86.Build.0 = Release|Any CPU
		{DEE265B2-57C4-437B-86FB-1BCCA4131902}.Release|x86.Deploy.0 = Release|Any CPU
		{09AA338B-12F9-4779-985C-FEDCB872C327}.Debug|Any CPU.ActiveCfg = Debug|Any CPU
		{09AA338B-12F9-4779-985C-FEDCB872C327}.Debug|Any CPU.Build.0 = Debug|Any CPU
		{09AA338B-12F9-4779-985C-FEDCB872C327}.Debug|x64.ActiveCfg = Debug|Any CPU
		{09AA338B-12F9-4779-985C-FEDCB872C327}.Debug|x64.Build.0 = Debug|Any CPU
		{09AA338B-12F9-4779-985C-FEDCB872C327}.Debug|x86.ActiveCfg = Debug|Any CPU
		{09AA338B-12F9-4779-985C-FEDCB872C327}.Debug|x86.Build.0 = Debug|Any CPU
		{09AA338B-12F9-4779-985C-FEDCB872C327}.Release|Any CPU.ActiveCfg = Release|Any CPU
		{09AA338B-12F9-4779-985C-FEDCB872C327}.Release|Any CPU.Build.0 = Release|Any CPU
		{09AA338B-12F9-4779-985C-FEDCB872C327}.Release|x64.ActiveCfg = Release|Any CPU
		{09AA338B-12F9-4779-985C-FEDCB872C327}.Release|x64.Build.0 = Release|Any CPU
		{09AA338B-12F9-4779-985C-FEDCB872C327}.Release|x86.ActiveCfg = Release|Any CPU
		{09AA338B-12F9-4779-985C-FEDCB872C327}.Release|x86.Build.0 = Release|Any CPU
		{6A9DB488-93F0-4CB4-801B-1CDFCB749EE4}.Debug|Any CPU.ActiveCfg = Debug|Any CPU
		{6A9DB488-93F0-4CB4-801B-1CDFCB749EE4}.Debug|Any CPU.Build.0 = Debug|Any CPU
		{6A9DB488-93F0-4CB4-801B-1CDFCB749EE4}.Debug|x64.ActiveCfg = Debug|Any CPU
		{6A9DB488-93F0-4CB4-801B-1CDFCB749EE4}.Debug|x64.Build.0 = Debug|Any CPU
		{6A9DB488-93F0-4CB4-801B-1CDFCB749EE4}.Debug|x86.ActiveCfg = Debug|Any CPU
		{6A9DB488-93F0-4CB4-801B-1CDFCB749EE4}.Debug|x86.Build.0 = Debug|Any CPU
		{6A9DB488-93F0-4CB4-801B-1CDFCB749EE4}.Release|Any CPU.ActiveCfg = Release|Any CPU
		{6A9DB488-93F0-4CB4-801B-1CDFCB749EE4}.Release|Any CPU.Build.0 = Release|Any CPU
		{6A9DB488-93F0-4CB4-801B-1CDFCB749EE4}.Release|x64.ActiveCfg = Release|Any CPU
		{6A9DB488-93F0-4CB4-801B-1CDFCB749EE4}.Release|x64.Build.0 = Release|Any CPU
		{6A9DB488-93F0-4CB4-801B-1CDFCB749EE4}.Release|x86.ActiveCfg = Release|Any CPU
		{6A9DB488-93F0-4CB4-801B-1CDFCB749EE4}.Release|x86.Build.0 = Release|Any CPU
		{2FDDA85B-CCA4-4BED-BF34-837D70B19C26}.Debug|Any CPU.ActiveCfg = Debug|Any CPU
		{2FDDA85B-CCA4-4BED-BF34-837D70B19C26}.Debug|Any CPU.Build.0 = Debug|Any CPU
		{2FDDA85B-CCA4-4BED-BF34-837D70B19C26}.Debug|Any CPU.Deploy.0 = Debug|Any CPU
		{2FDDA85B-CCA4-4BED-BF34-837D70B19C26}.Debug|x64.ActiveCfg = Debug|Any CPU
		{2FDDA85B-CCA4-4BED-BF34-837D70B19C26}.Debug|x64.Build.0 = Debug|Any CPU
		{2FDDA85B-CCA4-4BED-BF34-837D70B19C26}.Debug|x64.Deploy.0 = Debug|Any CPU
		{2FDDA85B-CCA4-4BED-BF34-837D70B19C26}.Debug|x86.ActiveCfg = Debug|Any CPU
		{2FDDA85B-CCA4-4BED-BF34-837D70B19C26}.Debug|x86.Build.0 = Debug|Any CPU
		{2FDDA85B-CCA4-4BED-BF34-837D70B19C26}.Debug|x86.Deploy.0 = Debug|Any CPU
		{2FDDA85B-CCA4-4BED-BF34-837D70B19C26}.Release|Any CPU.ActiveCfg = Release|Any CPU
		{2FDDA85B-CCA4-4BED-BF34-837D70B19C26}.Release|Any CPU.Build.0 = Release|Any CPU
		{2FDDA85B-CCA4-4BED-BF34-837D70B19C26}.Release|Any CPU.Deploy.0 = Release|Any CPU
		{2FDDA85B-CCA4-4BED-BF34-837D70B19C26}.Release|x64.ActiveCfg = Release|Any CPU
		{2FDDA85B-CCA4-4BED-BF34-837D70B19C26}.Release|x64.Build.0 = Release|Any CPU
		{2FDDA85B-CCA4-4BED-BF34-837D70B19C26}.Release|x64.Deploy.0 = Release|Any CPU
		{2FDDA85B-CCA4-4BED-BF34-837D70B19C26}.Release|x86.ActiveCfg = Release|Any CPU
		{2FDDA85B-CCA4-4BED-BF34-837D70B19C26}.Release|x86.Build.0 = Release|Any CPU
		{2FDDA85B-CCA4-4BED-BF34-837D70B19C26}.Release|x86.Deploy.0 = Release|Any CPU
		{8E001B86-A335-421C-853F-1B99B7B0088C}.Debug|Any CPU.ActiveCfg = Debug|Any CPU
		{8E001B86-A335-421C-853F-1B99B7B0088C}.Debug|Any CPU.Build.0 = Debug|Any CPU
		{8E001B86-A335-421C-853F-1B99B7B0088C}.Debug|x64.ActiveCfg = Debug|Any CPU
		{8E001B86-A335-421C-853F-1B99B7B0088C}.Debug|x64.Build.0 = Debug|Any CPU
		{8E001B86-A335-421C-853F-1B99B7B0088C}.Debug|x86.ActiveCfg = Debug|Any CPU
		{8E001B86-A335-421C-853F-1B99B7B0088C}.Debug|x86.Build.0 = Debug|Any CPU
		{8E001B86-A335-421C-853F-1B99B7B0088C}.Release|Any CPU.ActiveCfg = Release|Any CPU
		{8E001B86-A335-421C-853F-1B99B7B0088C}.Release|Any CPU.Build.0 = Release|Any CPU
		{8E001B86-A335-421C-853F-1B99B7B0088C}.Release|x64.ActiveCfg = Release|Any CPU
		{8E001B86-A335-421C-853F-1B99B7B0088C}.Release|x64.Build.0 = Release|Any CPU
		{8E001B86-A335-421C-853F-1B99B7B0088C}.Release|x86.ActiveCfg = Release|Any CPU
		{8E001B86-A335-421C-853F-1B99B7B0088C}.Release|x86.Build.0 = Release|Any CPU
		{E459AC9C-950B-43F2-BD52-444FABDED54C}.Debug|Any CPU.ActiveCfg = Debug|Any CPU
		{E459AC9C-950B-43F2-BD52-444FABDED54C}.Debug|Any CPU.Build.0 = Debug|Any CPU
		{E459AC9C-950B-43F2-BD52-444FABDED54C}.Debug|x64.ActiveCfg = Debug|Any CPU
		{E459AC9C-950B-43F2-BD52-444FABDED54C}.Debug|x64.Build.0 = Debug|Any CPU
		{E459AC9C-950B-43F2-BD52-444FABDED54C}.Debug|x86.ActiveCfg = Debug|Any CPU
		{E459AC9C-950B-43F2-BD52-444FABDED54C}.Debug|x86.Build.0 = Debug|Any CPU
		{E459AC9C-950B-43F2-BD52-444FABDED54C}.Release|Any CPU.ActiveCfg = Release|Any CPU
		{E459AC9C-950B-43F2-BD52-444FABDED54C}.Release|Any CPU.Build.0 = Release|Any CPU
		{E459AC9C-950B-43F2-BD52-444FABDED54C}.Release|x64.ActiveCfg = Release|Any CPU
		{E459AC9C-950B-43F2-BD52-444FABDED54C}.Release|x64.Build.0 = Release|Any CPU
		{E459AC9C-950B-43F2-BD52-444FABDED54C}.Release|x86.ActiveCfg = Release|Any CPU
		{E459AC9C-950B-43F2-BD52-444FABDED54C}.Release|x86.Build.0 = Release|Any CPU
		{8326FB88-26F7-44A3-9CCD-2496004DAFA7}.Debug|Any CPU.ActiveCfg = Debug|Any CPU
		{8326FB88-26F7-44A3-9CCD-2496004DAFA7}.Debug|Any CPU.Build.0 = Debug|Any CPU
		{8326FB88-26F7-44A3-9CCD-2496004DAFA7}.Debug|x64.ActiveCfg = Debug|Any CPU
		{8326FB88-26F7-44A3-9CCD-2496004DAFA7}.Debug|x64.Build.0 = Debug|Any CPU
		{8326FB88-26F7-44A3-9CCD-2496004DAFA7}.Debug|x86.ActiveCfg = Debug|Any CPU
		{8326FB88-26F7-44A3-9CCD-2496004DAFA7}.Debug|x86.Build.0 = Debug|Any CPU
		{8326FB88-26F7-44A3-9CCD-2496004DAFA7}.Release|Any CPU.ActiveCfg = Release|Any CPU
		{8326FB88-26F7-44A3-9CCD-2496004DAFA7}.Release|Any CPU.Build.0 = Release|Any CPU
		{8326FB88-26F7-44A3-9CCD-2496004DAFA7}.Release|x64.ActiveCfg = Release|Any CPU
		{8326FB88-26F7-44A3-9CCD-2496004DAFA7}.Release|x64.Build.0 = Release|Any CPU
		{8326FB88-26F7-44A3-9CCD-2496004DAFA7}.Release|x86.ActiveCfg = Release|Any CPU
		{8326FB88-26F7-44A3-9CCD-2496004DAFA7}.Release|x86.Build.0 = Release|Any CPU
		{21A26B06-32B9-4390-89B7-D2558E94A54B}.Debug|Any CPU.ActiveCfg = Debug|Any CPU
		{21A26B06-32B9-4390-89B7-D2558E94A54B}.Debug|Any CPU.Build.0 = Debug|Any CPU
		{21A26B06-32B9-4390-89B7-D2558E94A54B}.Debug|x64.ActiveCfg = Debug|Any CPU
		{21A26B06-32B9-4390-89B7-D2558E94A54B}.Debug|x64.Build.0 = Debug|Any CPU
		{21A26B06-32B9-4390-89B7-D2558E94A54B}.Debug|x86.ActiveCfg = Debug|Any CPU
		{21A26B06-32B9-4390-89B7-D2558E94A54B}.Debug|x86.Build.0 = Debug|Any CPU
		{21A26B06-32B9-4390-89B7-D2558E94A54B}.Release|Any CPU.ActiveCfg = Release|Any CPU
		{21A26B06-32B9-4390-89B7-D2558E94A54B}.Release|Any CPU.Build.0 = Release|Any CPU
		{21A26B06-32B9-4390-89B7-D2558E94A54B}.Release|x64.ActiveCfg = Release|Any CPU
		{21A26B06-32B9-4390-89B7-D2558E94A54B}.Release|x64.Build.0 = Release|Any CPU
		{21A26B06-32B9-4390-89B7-D2558E94A54B}.Release|x86.ActiveCfg = Release|Any CPU
		{21A26B06-32B9-4390-89B7-D2558E94A54B}.Release|x86.Build.0 = Release|Any CPU
		{ABE329F9-FE11-48A7-86EC-19EAAEA10263}.Debug|Any CPU.ActiveCfg = Debug|Any CPU
		{ABE329F9-FE11-48A7-86EC-19EAAEA10263}.Debug|Any CPU.Build.0 = Debug|Any CPU
		{ABE329F9-FE11-48A7-86EC-19EAAEA10263}.Debug|x64.ActiveCfg = Debug|Any CPU
		{ABE329F9-FE11-48A7-86EC-19EAAEA10263}.Debug|x64.Build.0 = Debug|Any CPU
		{ABE329F9-FE11-48A7-86EC-19EAAEA10263}.Debug|x86.ActiveCfg = Debug|Any CPU
		{ABE329F9-FE11-48A7-86EC-19EAAEA10263}.Debug|x86.Build.0 = Debug|Any CPU
		{ABE329F9-FE11-48A7-86EC-19EAAEA10263}.Release|Any CPU.ActiveCfg = Release|Any CPU
		{ABE329F9-FE11-48A7-86EC-19EAAEA10263}.Release|Any CPU.Build.0 = Release|Any CPU
		{ABE329F9-FE11-48A7-86EC-19EAAEA10263}.Release|x64.ActiveCfg = Release|Any CPU
		{ABE329F9-FE11-48A7-86EC-19EAAEA10263}.Release|x64.Build.0 = Release|Any CPU
		{ABE329F9-FE11-48A7-86EC-19EAAEA10263}.Release|x86.ActiveCfg = Release|Any CPU
		{ABE329F9-FE11-48A7-86EC-19EAAEA10263}.Release|x86.Build.0 = Release|Any CPU
		{314A5E8E-069D-4D21-AD89-896DC20AFF0D}.Debug|Any CPU.ActiveCfg = Debug|Any CPU
		{314A5E8E-069D-4D21-AD89-896DC20AFF0D}.Debug|Any CPU.Build.0 = Debug|Any CPU
		{314A5E8E-069D-4D21-AD89-896DC20AFF0D}.Debug|Any CPU.Deploy.0 = Debug|Any CPU
		{314A5E8E-069D-4D21-AD89-896DC20AFF0D}.Debug|x64.ActiveCfg = Debug|Any CPU
		{314A5E8E-069D-4D21-AD89-896DC20AFF0D}.Debug|x64.Build.0 = Debug|Any CPU
		{314A5E8E-069D-4D21-AD89-896DC20AFF0D}.Debug|x64.Deploy.0 = Debug|Any CPU
		{314A5E8E-069D-4D21-AD89-896DC20AFF0D}.Debug|x86.ActiveCfg = Debug|Any CPU
		{314A5E8E-069D-4D21-AD89-896DC20AFF0D}.Debug|x86.Build.0 = Debug|Any CPU
		{314A5E8E-069D-4D21-AD89-896DC20AFF0D}.Debug|x86.Deploy.0 = Debug|Any CPU
		{314A5E8E-069D-4D21-AD89-896DC20AFF0D}.Release|Any CPU.ActiveCfg = Release|Any CPU
		{314A5E8E-069D-4D21-AD89-896DC20AFF0D}.Release|Any CPU.Build.0 = Release|Any CPU
		{314A5E8E-069D-4D21-AD89-896DC20AFF0D}.Release|Any CPU.Deploy.0 = Release|Any CPU
		{314A5E8E-069D-4D21-AD89-896DC20AFF0D}.Release|x64.ActiveCfg = Release|Any CPU
		{314A5E8E-069D-4D21-AD89-896DC20AFF0D}.Release|x64.Build.0 = Release|Any CPU
		{314A5E8E-069D-4D21-AD89-896DC20AFF0D}.Release|x64.Deploy.0 = Release|Any CPU
		{314A5E8E-069D-4D21-AD89-896DC20AFF0D}.Release|x86.ActiveCfg = Release|Any CPU
		{314A5E8E-069D-4D21-AD89-896DC20AFF0D}.Release|x86.Build.0 = Release|Any CPU
		{314A5E8E-069D-4D21-AD89-896DC20AFF0D}.Release|x86.Deploy.0 = Release|Any CPU
		{1D4D0163-EBF3-4F95-80A3-F7E2C8361542}.Debug|Any CPU.ActiveCfg = Debug|Any CPU
		{1D4D0163-EBF3-4F95-80A3-F7E2C8361542}.Debug|Any CPU.Build.0 = Debug|Any CPU
		{1D4D0163-EBF3-4F95-80A3-F7E2C8361542}.Debug|Any CPU.Deploy.0 = Debug|Any CPU
		{1D4D0163-EBF3-4F95-80A3-F7E2C8361542}.Debug|x64.ActiveCfg = Debug|Any CPU
		{1D4D0163-EBF3-4F95-80A3-F7E2C8361542}.Debug|x64.Build.0 = Debug|Any CPU
		{1D4D0163-EBF3-4F95-80A3-F7E2C8361542}.Debug|x64.Deploy.0 = Debug|Any CPU
		{1D4D0163-EBF3-4F95-80A3-F7E2C8361542}.Debug|x86.ActiveCfg = Debug|Any CPU
		{1D4D0163-EBF3-4F95-80A3-F7E2C8361542}.Debug|x86.Build.0 = Debug|Any CPU
		{1D4D0163-EBF3-4F95-80A3-F7E2C8361542}.Debug|x86.Deploy.0 = Debug|Any CPU
		{1D4D0163-EBF3-4F95-80A3-F7E2C8361542}.Release|Any CPU.ActiveCfg = Release|Any CPU
		{1D4D0163-EBF3-4F95-80A3-F7E2C8361542}.Release|Any CPU.Build.0 = Release|Any CPU
		{1D4D0163-EBF3-4F95-80A3-F7E2C8361542}.Release|Any CPU.Deploy.0 = Release|Any CPU
		{1D4D0163-EBF3-4F95-80A3-F7E2C8361542}.Release|x64.ActiveCfg = Release|Any CPU
		{1D4D0163-EBF3-4F95-80A3-F7E2C8361542}.Release|x64.Build.0 = Release|Any CPU
		{1D4D0163-EBF3-4F95-80A3-F7E2C8361542}.Release|x64.Deploy.0 = Release|Any CPU
		{1D4D0163-EBF3-4F95-80A3-F7E2C8361542}.Release|x86.ActiveCfg = Release|Any CPU
		{1D4D0163-EBF3-4F95-80A3-F7E2C8361542}.Release|x86.Build.0 = Release|Any CPU
		{1D4D0163-EBF3-4F95-80A3-F7E2C8361542}.Release|x86.Deploy.0 = Release|Any CPU
		{F008A21C-1DB3-416F-B0DE-9A6A38089C18}.Debug|Any CPU.ActiveCfg = Debug|Any CPU
		{F008A21C-1DB3-416F-B0DE-9A6A38089C18}.Debug|Any CPU.Build.0 = Debug|Any CPU
		{F008A21C-1DB3-416F-B0DE-9A6A38089C18}.Debug|Any CPU.Deploy.0 = Debug|Any CPU
		{F008A21C-1DB3-416F-B0DE-9A6A38089C18}.Debug|x64.ActiveCfg = Debug|Any CPU
		{F008A21C-1DB3-416F-B0DE-9A6A38089C18}.Debug|x64.Build.0 = Debug|Any CPU
		{F008A21C-1DB3-416F-B0DE-9A6A38089C18}.Debug|x64.Deploy.0 = Debug|Any CPU
		{F008A21C-1DB3-416F-B0DE-9A6A38089C18}.Debug|x86.ActiveCfg = Debug|Any CPU
		{F008A21C-1DB3-416F-B0DE-9A6A38089C18}.Debug|x86.Build.0 = Debug|Any CPU
		{F008A21C-1DB3-416F-B0DE-9A6A38089C18}.Debug|x86.Deploy.0 = Debug|Any CPU
		{F008A21C-1DB3-416F-B0DE-9A6A38089C18}.Release|Any CPU.ActiveCfg = Release|Any CPU
		{F008A21C-1DB3-416F-B0DE-9A6A38089C18}.Release|Any CPU.Build.0 = Release|Any CPU
		{F008A21C-1DB3-416F-B0DE-9A6A38089C18}.Release|Any CPU.Deploy.0 = Release|Any CPU
		{F008A21C-1DB3-416F-B0DE-9A6A38089C18}.Release|x64.ActiveCfg = Release|Any CPU
		{F008A21C-1DB3-416F-B0DE-9A6A38089C18}.Release|x64.Build.0 = Release|Any CPU
		{F008A21C-1DB3-416F-B0DE-9A6A38089C18}.Release|x64.Deploy.0 = Release|Any CPU
		{F008A21C-1DB3-416F-B0DE-9A6A38089C18}.Release|x86.ActiveCfg = Release|Any CPU
		{F008A21C-1DB3-416F-B0DE-9A6A38089C18}.Release|x86.Build.0 = Release|Any CPU
		{F008A21C-1DB3-416F-B0DE-9A6A38089C18}.Release|x86.Deploy.0 = Release|Any CPU
		{655A9FB4-C43D-4A97-847F-E7D53CE6377E}.Debug|Any CPU.ActiveCfg = Debug|Any CPU
		{655A9FB4-C43D-4A97-847F-E7D53CE6377E}.Debug|Any CPU.Build.0 = Debug|Any CPU
		{655A9FB4-C43D-4A97-847F-E7D53CE6377E}.Debug|x64.ActiveCfg = Debug|Any CPU
		{655A9FB4-C43D-4A97-847F-E7D53CE6377E}.Debug|x64.Build.0 = Debug|Any CPU
		{655A9FB4-C43D-4A97-847F-E7D53CE6377E}.Debug|x86.ActiveCfg = Debug|Any CPU
		{655A9FB4-C43D-4A97-847F-E7D53CE6377E}.Debug|x86.Build.0 = Debug|Any CPU
		{655A9FB4-C43D-4A97-847F-E7D53CE6377E}.Release|Any CPU.ActiveCfg = Release|Any CPU
		{655A9FB4-C43D-4A97-847F-E7D53CE6377E}.Release|Any CPU.Build.0 = Release|Any CPU
		{655A9FB4-C43D-4A97-847F-E7D53CE6377E}.Release|x64.ActiveCfg = Release|Any CPU
		{655A9FB4-C43D-4A97-847F-E7D53CE6377E}.Release|x64.Build.0 = Release|Any CPU
		{655A9FB4-C43D-4A97-847F-E7D53CE6377E}.Release|x86.ActiveCfg = Release|Any CPU
		{655A9FB4-C43D-4A97-847F-E7D53CE6377E}.Release|x86.Build.0 = Release|Any CPU
		{3458DA1D-76F4-4147-8A24-8615394480D4}.Debug|Any CPU.ActiveCfg = Debug|Any CPU
		{3458DA1D-76F4-4147-8A24-8615394480D4}.Debug|Any CPU.Build.0 = Debug|Any CPU
		{3458DA1D-76F4-4147-8A24-8615394480D4}.Debug|x64.ActiveCfg = Debug|Any CPU
		{3458DA1D-76F4-4147-8A24-8615394480D4}.Debug|x64.Build.0 = Debug|Any CPU
		{3458DA1D-76F4-4147-8A24-8615394480D4}.Debug|x86.ActiveCfg = Debug|Any CPU
		{3458DA1D-76F4-4147-8A24-8615394480D4}.Debug|x86.Build.0 = Debug|Any CPU
		{3458DA1D-76F4-4147-8A24-8615394480D4}.Release|Any CPU.ActiveCfg = Release|Any CPU
		{3458DA1D-76F4-4147-8A24-8615394480D4}.Release|Any CPU.Build.0 = Release|Any CPU
		{3458DA1D-76F4-4147-8A24-8615394480D4}.Release|x64.ActiveCfg = Release|Any CPU
		{3458DA1D-76F4-4147-8A24-8615394480D4}.Release|x64.Build.0 = Release|Any CPU
		{3458DA1D-76F4-4147-8A24-8615394480D4}.Release|x86.ActiveCfg = Release|Any CPU
		{3458DA1D-76F4-4147-8A24-8615394480D4}.Release|x86.Build.0 = Release|Any CPU
		{7BB9C993-935A-4D6C-88D6-55892BD08622}.Debug|Any CPU.ActiveCfg = Debug|Any CPU
		{7BB9C993-935A-4D6C-88D6-55892BD08622}.Debug|Any CPU.Build.0 = Debug|Any CPU
		{7BB9C993-935A-4D6C-88D6-55892BD08622}.Debug|x64.ActiveCfg = Debug|Any CPU
		{7BB9C993-935A-4D6C-88D6-55892BD08622}.Debug|x64.Build.0 = Debug|Any CPU
		{7BB9C993-935A-4D6C-88D6-55892BD08622}.Debug|x86.ActiveCfg = Debug|Any CPU
		{7BB9C993-935A-4D6C-88D6-55892BD08622}.Debug|x86.Build.0 = Debug|Any CPU
		{7BB9C993-935A-4D6C-88D6-55892BD08622}.Release|Any CPU.ActiveCfg = Release|Any CPU
		{7BB9C993-935A-4D6C-88D6-55892BD08622}.Release|Any CPU.Build.0 = Release|Any CPU
		{7BB9C993-935A-4D6C-88D6-55892BD08622}.Release|x64.ActiveCfg = Release|Any CPU
		{7BB9C993-935A-4D6C-88D6-55892BD08622}.Release|x64.Build.0 = Release|Any CPU
		{7BB9C993-935A-4D6C-88D6-55892BD08622}.Release|x86.ActiveCfg = Release|Any CPU
		{7BB9C993-935A-4D6C-88D6-55892BD08622}.Release|x86.Build.0 = Release|Any CPU
		{20F284A0-9739-49B1-AB47-B165939BEEBD}.Debug|Any CPU.ActiveCfg = Debug|Any CPU
		{20F284A0-9739-49B1-AB47-B165939BEEBD}.Debug|Any CPU.Build.0 = Debug|Any CPU
		{20F284A0-9739-49B1-AB47-B165939BEEBD}.Debug|x64.ActiveCfg = Debug|Any CPU
		{20F284A0-9739-49B1-AB47-B165939BEEBD}.Debug|x64.Build.0 = Debug|Any CPU
		{20F284A0-9739-49B1-AB47-B165939BEEBD}.Debug|x86.ActiveCfg = Debug|Any CPU
		{20F284A0-9739-49B1-AB47-B165939BEEBD}.Debug|x86.Build.0 = Debug|Any CPU
		{20F284A0-9739-49B1-AB47-B165939BEEBD}.Release|Any CPU.ActiveCfg = Release|Any CPU
		{20F284A0-9739-49B1-AB47-B165939BEEBD}.Release|Any CPU.Build.0 = Release|Any CPU
		{20F284A0-9739-49B1-AB47-B165939BEEBD}.Release|x64.ActiveCfg = Release|Any CPU
		{20F284A0-9739-49B1-AB47-B165939BEEBD}.Release|x64.Build.0 = Release|Any CPU
		{20F284A0-9739-49B1-AB47-B165939BEEBD}.Release|x86.ActiveCfg = Release|Any CPU
		{20F284A0-9739-49B1-AB47-B165939BEEBD}.Release|x86.Build.0 = Release|Any CPU
		{C6C48AE6-970F-4B7C-8EEA-270D287FFEAB}.Debug|Any CPU.ActiveCfg = Debug|Any CPU
		{C6C48AE6-970F-4B7C-8EEA-270D287FFEAB}.Debug|Any CPU.Build.0 = Debug|Any CPU
		{C6C48AE6-970F-4B7C-8EEA-270D287FFEAB}.Debug|x64.ActiveCfg = Debug|Any CPU
		{C6C48AE6-970F-4B7C-8EEA-270D287FFEAB}.Debug|x64.Build.0 = Debug|Any CPU
		{C6C48AE6-970F-4B7C-8EEA-270D287FFEAB}.Debug|x86.ActiveCfg = Debug|Any CPU
		{C6C48AE6-970F-4B7C-8EEA-270D287FFEAB}.Debug|x86.Build.0 = Debug|Any CPU
		{C6C48AE6-970F-4B7C-8EEA-270D287FFEAB}.Release|Any CPU.ActiveCfg = Release|Any CPU
		{C6C48AE6-970F-4B7C-8EEA-270D287FFEAB}.Release|Any CPU.Build.0 = Release|Any CPU
		{C6C48AE6-970F-4B7C-8EEA-270D287FFEAB}.Release|x64.ActiveCfg = Release|Any CPU
		{C6C48AE6-970F-4B7C-8EEA-270D287FFEAB}.Release|x64.Build.0 = Release|Any CPU
		{C6C48AE6-970F-4B7C-8EEA-270D287FFEAB}.Release|x86.ActiveCfg = Release|Any CPU
		{C6C48AE6-970F-4B7C-8EEA-270D287FFEAB}.Release|x86.Build.0 = Release|Any CPU
		{98A45B9D-EBA2-4282-B50B-5BC689BF91E8}.Debug|Any CPU.ActiveCfg = Debug|Any CPU
		{98A45B9D-EBA2-4282-B50B-5BC689BF91E8}.Debug|Any CPU.Build.0 = Debug|Any CPU
		{98A45B9D-EBA2-4282-B50B-5BC689BF91E8}.Debug|x64.ActiveCfg = Debug|Any CPU
		{98A45B9D-EBA2-4282-B50B-5BC689BF91E8}.Debug|x64.Build.0 = Debug|Any CPU
		{98A45B9D-EBA2-4282-B50B-5BC689BF91E8}.Debug|x86.ActiveCfg = Debug|Any CPU
		{98A45B9D-EBA2-4282-B50B-5BC689BF91E8}.Debug|x86.Build.0 = Debug|Any CPU
		{98A45B9D-EBA2-4282-B50B-5BC689BF91E8}.Release|Any CPU.ActiveCfg = Release|Any CPU
		{98A45B9D-EBA2-4282-B50B-5BC689BF91E8}.Release|Any CPU.Build.0 = Release|Any CPU
		{98A45B9D-EBA2-4282-B50B-5BC689BF91E8}.Release|x64.ActiveCfg = Release|Any CPU
		{98A45B9D-EBA2-4282-B50B-5BC689BF91E8}.Release|x64.Build.0 = Release|Any CPU
		{98A45B9D-EBA2-4282-B50B-5BC689BF91E8}.Release|x86.ActiveCfg = Release|Any CPU
		{98A45B9D-EBA2-4282-B50B-5BC689BF91E8}.Release|x86.Build.0 = Release|Any CPU
		{FD86E74B-5326-4836-8479-8BBCC3CC70B2}.Debug|Any CPU.ActiveCfg = Debug|Any CPU
		{FD86E74B-5326-4836-8479-8BBCC3CC70B2}.Debug|Any CPU.Build.0 = Debug|Any CPU
		{FD86E74B-5326-4836-8479-8BBCC3CC70B2}.Debug|x64.ActiveCfg = Debug|Any CPU
		{FD86E74B-5326-4836-8479-8BBCC3CC70B2}.Debug|x64.Build.0 = Debug|Any CPU
		{FD86E74B-5326-4836-8479-8BBCC3CC70B2}.Debug|x86.ActiveCfg = Debug|Any CPU
		{FD86E74B-5326-4836-8479-8BBCC3CC70B2}.Debug|x86.Build.0 = Debug|Any CPU
		{FD86E74B-5326-4836-8479-8BBCC3CC70B2}.Release|Any CPU.ActiveCfg = Release|Any CPU
		{FD86E74B-5326-4836-8479-8BBCC3CC70B2}.Release|Any CPU.Build.0 = Release|Any CPU
		{FD86E74B-5326-4836-8479-8BBCC3CC70B2}.Release|x64.ActiveCfg = Release|Any CPU
		{FD86E74B-5326-4836-8479-8BBCC3CC70B2}.Release|x64.Build.0 = Release|Any CPU
		{FD86E74B-5326-4836-8479-8BBCC3CC70B2}.Release|x86.ActiveCfg = Release|Any CPU
		{FD86E74B-5326-4836-8479-8BBCC3CC70B2}.Release|x86.Build.0 = Release|Any CPU
		{925BC9E4-F462-410E-8D31-6E76200EC754}.Debug|Any CPU.ActiveCfg = Debug|Any CPU
		{925BC9E4-F462-410E-8D31-6E76200EC754}.Debug|Any CPU.Build.0 = Debug|Any CPU
		{925BC9E4-F462-410E-8D31-6E76200EC754}.Debug|x64.ActiveCfg = Debug|Any CPU
		{925BC9E4-F462-410E-8D31-6E76200EC754}.Debug|x64.Build.0 = Debug|Any CPU
		{925BC9E4-F462-410E-8D31-6E76200EC754}.Debug|x86.ActiveCfg = Debug|Any CPU
		{925BC9E4-F462-410E-8D31-6E76200EC754}.Debug|x86.Build.0 = Debug|Any CPU
		{925BC9E4-F462-410E-8D31-6E76200EC754}.Release|Any CPU.ActiveCfg = Release|Any CPU
		{925BC9E4-F462-410E-8D31-6E76200EC754}.Release|Any CPU.Build.0 = Release|Any CPU
		{925BC9E4-F462-410E-8D31-6E76200EC754}.Release|x64.ActiveCfg = Release|Any CPU
		{925BC9E4-F462-410E-8D31-6E76200EC754}.Release|x64.Build.0 = Release|Any CPU
		{925BC9E4-F462-410E-8D31-6E76200EC754}.Release|x86.ActiveCfg = Release|Any CPU
		{925BC9E4-F462-410E-8D31-6E76200EC754}.Release|x86.Build.0 = Release|Any CPU
		{CE879712-53C0-4F40-8518-00A4302C2A5A}.Debug|Any CPU.ActiveCfg = Debug|Any CPU
		{CE879712-53C0-4F40-8518-00A4302C2A5A}.Debug|Any CPU.Build.0 = Debug|Any CPU
		{CE879712-53C0-4F40-8518-00A4302C2A5A}.Debug|x64.ActiveCfg = Debug|Any CPU
		{CE879712-53C0-4F40-8518-00A4302C2A5A}.Debug|x64.Build.0 = Debug|Any CPU
		{CE879712-53C0-4F40-8518-00A4302C2A5A}.Debug|x86.ActiveCfg = Debug|Any CPU
		{CE879712-53C0-4F40-8518-00A4302C2A5A}.Debug|x86.Build.0 = Debug|Any CPU
		{CE879712-53C0-4F40-8518-00A4302C2A5A}.Release|Any CPU.ActiveCfg = Release|Any CPU
		{CE879712-53C0-4F40-8518-00A4302C2A5A}.Release|Any CPU.Build.0 = Release|Any CPU
		{CE879712-53C0-4F40-8518-00A4302C2A5A}.Release|x64.ActiveCfg = Release|Any CPU
		{CE879712-53C0-4F40-8518-00A4302C2A5A}.Release|x64.Build.0 = Release|Any CPU
		{CE879712-53C0-4F40-8518-00A4302C2A5A}.Release|x86.ActiveCfg = Release|Any CPU
		{CE879712-53C0-4F40-8518-00A4302C2A5A}.Release|x86.Build.0 = Release|Any CPU
		{3BEBD8CC-1188-42C3-9F9D-59618FA0ACB3}.Debug|Any CPU.ActiveCfg = Debug|Any CPU
		{3BEBD8CC-1188-42C3-9F9D-59618FA0ACB3}.Debug|Any CPU.Build.0 = Debug|Any CPU
		{3BEBD8CC-1188-42C3-9F9D-59618FA0ACB3}.Debug|x64.ActiveCfg = Debug|Any CPU
		{3BEBD8CC-1188-42C3-9F9D-59618FA0ACB3}.Debug|x64.Build.0 = Debug|Any CPU
		{3BEBD8CC-1188-42C3-9F9D-59618FA0ACB3}.Debug|x86.ActiveCfg = Debug|Any CPU
		{3BEBD8CC-1188-42C3-9F9D-59618FA0ACB3}.Debug|x86.Build.0 = Debug|Any CPU
		{3BEBD8CC-1188-42C3-9F9D-59618FA0ACB3}.Release|Any CPU.ActiveCfg = Release|Any CPU
		{3BEBD8CC-1188-42C3-9F9D-59618FA0ACB3}.Release|Any CPU.Build.0 = Release|Any CPU
		{3BEBD8CC-1188-42C3-9F9D-59618FA0ACB3}.Release|x64.ActiveCfg = Release|Any CPU
		{3BEBD8CC-1188-42C3-9F9D-59618FA0ACB3}.Release|x64.Build.0 = Release|Any CPU
		{3BEBD8CC-1188-42C3-9F9D-59618FA0ACB3}.Release|x86.ActiveCfg = Release|Any CPU
		{3BEBD8CC-1188-42C3-9F9D-59618FA0ACB3}.Release|x86.Build.0 = Release|Any CPU
		{BAAA3511-16AE-45B1-B3DB-B4D2B4654897}.Debug|Any CPU.ActiveCfg = Debug|Any CPU
		{BAAA3511-16AE-45B1-B3DB-B4D2B4654897}.Debug|Any CPU.Build.0 = Debug|Any CPU
		{BAAA3511-16AE-45B1-B3DB-B4D2B4654897}.Debug|x64.ActiveCfg = Debug|Any CPU
		{BAAA3511-16AE-45B1-B3DB-B4D2B4654897}.Debug|x64.Build.0 = Debug|Any CPU
		{BAAA3511-16AE-45B1-B3DB-B4D2B4654897}.Debug|x86.ActiveCfg = Debug|Any CPU
		{BAAA3511-16AE-45B1-B3DB-B4D2B4654897}.Debug|x86.Build.0 = Debug|Any CPU
		{BAAA3511-16AE-45B1-B3DB-B4D2B4654897}.Release|Any CPU.ActiveCfg = Release|Any CPU
		{BAAA3511-16AE-45B1-B3DB-B4D2B4654897}.Release|Any CPU.Build.0 = Release|Any CPU
		{BAAA3511-16AE-45B1-B3DB-B4D2B4654897}.Release|x64.ActiveCfg = Release|Any CPU
		{BAAA3511-16AE-45B1-B3DB-B4D2B4654897}.Release|x64.Build.0 = Release|Any CPU
		{BAAA3511-16AE-45B1-B3DB-B4D2B4654897}.Release|x86.ActiveCfg = Release|Any CPU
		{BAAA3511-16AE-45B1-B3DB-B4D2B4654897}.Release|x86.Build.0 = Release|Any CPU
		{6C108B36-5849-4BA4-A643-A6EBBF07DDDC}.Debug|Any CPU.ActiveCfg = Debug|Any CPU
		{6C108B36-5849-4BA4-A643-A6EBBF07DDDC}.Debug|Any CPU.Build.0 = Debug|Any CPU
		{6C108B36-5849-4BA4-A643-A6EBBF07DDDC}.Debug|x64.ActiveCfg = Debug|Any CPU
		{6C108B36-5849-4BA4-A643-A6EBBF07DDDC}.Debug|x64.Build.0 = Debug|Any CPU
		{6C108B36-5849-4BA4-A643-A6EBBF07DDDC}.Debug|x86.ActiveCfg = Debug|Any CPU
		{6C108B36-5849-4BA4-A643-A6EBBF07DDDC}.Debug|x86.Build.0 = Debug|Any CPU
		{6C108B36-5849-4BA4-A643-A6EBBF07DDDC}.Release|Any CPU.ActiveCfg = Release|Any CPU
		{6C108B36-5849-4BA4-A643-A6EBBF07DDDC}.Release|Any CPU.Build.0 = Release|Any CPU
		{6C108B36-5849-4BA4-A643-A6EBBF07DDDC}.Release|x64.ActiveCfg = Release|Any CPU
		{6C108B36-5849-4BA4-A643-A6EBBF07DDDC}.Release|x64.Build.0 = Release|Any CPU
		{6C108B36-5849-4BA4-A643-A6EBBF07DDDC}.Release|x86.ActiveCfg = Release|Any CPU
		{6C108B36-5849-4BA4-A643-A6EBBF07DDDC}.Release|x86.Build.0 = Release|Any CPU
		{FA76179C-7259-4988-9626-5FF47F87C852}.Debug|Any CPU.ActiveCfg = Debug|Any CPU
		{FA76179C-7259-4988-9626-5FF47F87C852}.Debug|Any CPU.Build.0 = Debug|Any CPU
		{FA76179C-7259-4988-9626-5FF47F87C852}.Debug|x64.ActiveCfg = Debug|Any CPU
		{FA76179C-7259-4988-9626-5FF47F87C852}.Debug|x64.Build.0 = Debug|Any CPU
		{FA76179C-7259-4988-9626-5FF47F87C852}.Debug|x86.ActiveCfg = Debug|Any CPU
		{FA76179C-7259-4988-9626-5FF47F87C852}.Debug|x86.Build.0 = Debug|Any CPU
		{FA76179C-7259-4988-9626-5FF47F87C852}.Release|Any CPU.ActiveCfg = Release|Any CPU
		{FA76179C-7259-4988-9626-5FF47F87C852}.Release|Any CPU.Build.0 = Release|Any CPU
		{FA76179C-7259-4988-9626-5FF47F87C852}.Release|x64.ActiveCfg = Release|Any CPU
		{FA76179C-7259-4988-9626-5FF47F87C852}.Release|x64.Build.0 = Release|Any CPU
		{FA76179C-7259-4988-9626-5FF47F87C852}.Release|x86.ActiveCfg = Release|Any CPU
		{FA76179C-7259-4988-9626-5FF47F87C852}.Release|x86.Build.0 = Release|Any CPU
		{DE96B29A-F904-4428-B956-83DC35CC6F86}.Debug|Any CPU.ActiveCfg = Debug|Any CPU
		{DE96B29A-F904-4428-B956-83DC35CC6F86}.Debug|Any CPU.Build.0 = Debug|Any CPU
		{DE96B29A-F904-4428-B956-83DC35CC6F86}.Debug|x64.ActiveCfg = Debug|Any CPU
		{DE96B29A-F904-4428-B956-83DC35CC6F86}.Debug|x64.Build.0 = Debug|Any CPU
		{DE96B29A-F904-4428-B956-83DC35CC6F86}.Debug|x86.ActiveCfg = Debug|Any CPU
		{DE96B29A-F904-4428-B956-83DC35CC6F86}.Debug|x86.Build.0 = Debug|Any CPU
		{DE96B29A-F904-4428-B956-83DC35CC6F86}.Release|Any CPU.ActiveCfg = Release|Any CPU
		{DE96B29A-F904-4428-B956-83DC35CC6F86}.Release|Any CPU.Build.0 = Release|Any CPU
		{DE96B29A-F904-4428-B956-83DC35CC6F86}.Release|x64.ActiveCfg = Release|Any CPU
		{DE96B29A-F904-4428-B956-83DC35CC6F86}.Release|x64.Build.0 = Release|Any CPU
		{DE96B29A-F904-4428-B956-83DC35CC6F86}.Release|x86.ActiveCfg = Release|Any CPU
		{DE96B29A-F904-4428-B956-83DC35CC6F86}.Release|x86.Build.0 = Release|Any CPU
		{C5FA7D98-4942-49D1-A80B-BF08C5FA9EEE}.Debug|Any CPU.ActiveCfg = Debug|Any CPU
		{C5FA7D98-4942-49D1-A80B-BF08C5FA9EEE}.Debug|Any CPU.Build.0 = Debug|Any CPU
		{C5FA7D98-4942-49D1-A80B-BF08C5FA9EEE}.Debug|x64.ActiveCfg = Debug|Any CPU
		{C5FA7D98-4942-49D1-A80B-BF08C5FA9EEE}.Debug|x64.Build.0 = Debug|Any CPU
		{C5FA7D98-4942-49D1-A80B-BF08C5FA9EEE}.Debug|x86.ActiveCfg = Debug|Any CPU
		{C5FA7D98-4942-49D1-A80B-BF08C5FA9EEE}.Debug|x86.Build.0 = Debug|Any CPU
		{C5FA7D98-4942-49D1-A80B-BF08C5FA9EEE}.Release|Any CPU.ActiveCfg = Release|Any CPU
		{C5FA7D98-4942-49D1-A80B-BF08C5FA9EEE}.Release|Any CPU.Build.0 = Release|Any CPU
		{C5FA7D98-4942-49D1-A80B-BF08C5FA9EEE}.Release|x64.ActiveCfg = Release|Any CPU
		{C5FA7D98-4942-49D1-A80B-BF08C5FA9EEE}.Release|x64.Build.0 = Release|Any CPU
		{C5FA7D98-4942-49D1-A80B-BF08C5FA9EEE}.Release|x86.ActiveCfg = Release|Any CPU
		{C5FA7D98-4942-49D1-A80B-BF08C5FA9EEE}.Release|x86.Build.0 = Release|Any CPU
		{BC54040F-F44E-49CC-9D7E-B00B31DC39E7}.Debug|Any CPU.ActiveCfg = Debug|Any CPU
		{BC54040F-F44E-49CC-9D7E-B00B31DC39E7}.Debug|Any CPU.Build.0 = Debug|Any CPU
		{BC54040F-F44E-49CC-9D7E-B00B31DC39E7}.Debug|x64.ActiveCfg = Debug|Any CPU
		{BC54040F-F44E-49CC-9D7E-B00B31DC39E7}.Debug|x64.Build.0 = Debug|Any CPU
		{BC54040F-F44E-49CC-9D7E-B00B31DC39E7}.Debug|x86.ActiveCfg = Debug|Any CPU
		{BC54040F-F44E-49CC-9D7E-B00B31DC39E7}.Debug|x86.Build.0 = Debug|Any CPU
		{BC54040F-F44E-49CC-9D7E-B00B31DC39E7}.Release|Any CPU.ActiveCfg = Release|Any CPU
		{BC54040F-F44E-49CC-9D7E-B00B31DC39E7}.Release|Any CPU.Build.0 = Release|Any CPU
		{BC54040F-F44E-49CC-9D7E-B00B31DC39E7}.Release|x64.ActiveCfg = Release|Any CPU
		{BC54040F-F44E-49CC-9D7E-B00B31DC39E7}.Release|x64.Build.0 = Release|Any CPU
		{BC54040F-F44E-49CC-9D7E-B00B31DC39E7}.Release|x86.ActiveCfg = Release|Any CPU
		{BC54040F-F44E-49CC-9D7E-B00B31DC39E7}.Release|x86.Build.0 = Release|Any CPU
		{91CA4C82-E0E9-4DE3-9F8D-9C23D49798BB}.Debug|Any CPU.ActiveCfg = Debug|Any CPU
		{91CA4C82-E0E9-4DE3-9F8D-9C23D49798BB}.Debug|Any CPU.Build.0 = Debug|Any CPU
		{91CA4C82-E0E9-4DE3-9F8D-9C23D49798BB}.Debug|x64.ActiveCfg = Debug|Any CPU
		{91CA4C82-E0E9-4DE3-9F8D-9C23D49798BB}.Debug|x64.Build.0 = Debug|Any CPU
		{91CA4C82-E0E9-4DE3-9F8D-9C23D49798BB}.Debug|x86.ActiveCfg = Debug|Any CPU
		{91CA4C82-E0E9-4DE3-9F8D-9C23D49798BB}.Debug|x86.Build.0 = Debug|Any CPU
		{91CA4C82-E0E9-4DE3-9F8D-9C23D49798BB}.Release|Any CPU.ActiveCfg = Release|Any CPU
		{91CA4C82-E0E9-4DE3-9F8D-9C23D49798BB}.Release|Any CPU.Build.0 = Release|Any CPU
		{91CA4C82-E0E9-4DE3-9F8D-9C23D49798BB}.Release|x64.ActiveCfg = Release|Any CPU
		{91CA4C82-E0E9-4DE3-9F8D-9C23D49798BB}.Release|x64.Build.0 = Release|Any CPU
		{91CA4C82-E0E9-4DE3-9F8D-9C23D49798BB}.Release|x86.ActiveCfg = Release|Any CPU
		{91CA4C82-E0E9-4DE3-9F8D-9C23D49798BB}.Release|x86.Build.0 = Release|Any CPU
		{BA80FC30-513C-480D-B600-A0449C9E3CE6}.Debug|Any CPU.ActiveCfg = Debug|Any CPU
		{BA80FC30-513C-480D-B600-A0449C9E3CE6}.Debug|Any CPU.Build.0 = Debug|Any CPU
		{BA80FC30-513C-480D-B600-A0449C9E3CE6}.Debug|x64.ActiveCfg = Debug|Any CPU
		{BA80FC30-513C-480D-B600-A0449C9E3CE6}.Debug|x64.Build.0 = Debug|Any CPU
		{BA80FC30-513C-480D-B600-A0449C9E3CE6}.Debug|x86.ActiveCfg = Debug|Any CPU
		{BA80FC30-513C-480D-B600-A0449C9E3CE6}.Debug|x86.Build.0 = Debug|Any CPU
		{BA80FC30-513C-480D-B600-A0449C9E3CE6}.Release|Any CPU.ActiveCfg = Release|Any CPU
		{BA80FC30-513C-480D-B600-A0449C9E3CE6}.Release|Any CPU.Build.0 = Release|Any CPU
		{BA80FC30-513C-480D-B600-A0449C9E3CE6}.Release|x64.ActiveCfg = Release|Any CPU
		{BA80FC30-513C-480D-B600-A0449C9E3CE6}.Release|x64.Build.0 = Release|Any CPU
		{BA80FC30-513C-480D-B600-A0449C9E3CE6}.Release|x86.ActiveCfg = Release|Any CPU
		{BA80FC30-513C-480D-B600-A0449C9E3CE6}.Release|x86.Build.0 = Release|Any CPU
		{5E8DD115-48A3-4C74-8530-FE44816EC3E6}.Debug|Any CPU.ActiveCfg = Debug|Any CPU
		{5E8DD115-48A3-4C74-8530-FE44816EC3E6}.Debug|Any CPU.Build.0 = Debug|Any CPU
		{5E8DD115-48A3-4C74-8530-FE44816EC3E6}.Debug|x64.ActiveCfg = Debug|Any CPU
		{5E8DD115-48A3-4C74-8530-FE44816EC3E6}.Debug|x64.Build.0 = Debug|Any CPU
		{5E8DD115-48A3-4C74-8530-FE44816EC3E6}.Debug|x86.ActiveCfg = Debug|Any CPU
		{5E8DD115-48A3-4C74-8530-FE44816EC3E6}.Debug|x86.Build.0 = Debug|Any CPU
		{5E8DD115-48A3-4C74-8530-FE44816EC3E6}.Release|Any CPU.ActiveCfg = Release|Any CPU
		{5E8DD115-48A3-4C74-8530-FE44816EC3E6}.Release|Any CPU.Build.0 = Release|Any CPU
		{5E8DD115-48A3-4C74-8530-FE44816EC3E6}.Release|x64.ActiveCfg = Release|Any CPU
		{5E8DD115-48A3-4C74-8530-FE44816EC3E6}.Release|x64.Build.0 = Release|Any CPU
		{5E8DD115-48A3-4C74-8530-FE44816EC3E6}.Release|x86.ActiveCfg = Release|Any CPU
		{5E8DD115-48A3-4C74-8530-FE44816EC3E6}.Release|x86.Build.0 = Release|Any CPU
		{01F9AB7A-633E-4F1B-9D58-53BA899A3B2E}.Debug|Any CPU.ActiveCfg = Debug|Any CPU
		{01F9AB7A-633E-4F1B-9D58-53BA899A3B2E}.Debug|Any CPU.Build.0 = Debug|Any CPU
		{01F9AB7A-633E-4F1B-9D58-53BA899A3B2E}.Debug|x64.ActiveCfg = Debug|Any CPU
		{01F9AB7A-633E-4F1B-9D58-53BA899A3B2E}.Debug|x64.Build.0 = Debug|Any CPU
		{01F9AB7A-633E-4F1B-9D58-53BA899A3B2E}.Debug|x86.ActiveCfg = Debug|Any CPU
		{01F9AB7A-633E-4F1B-9D58-53BA899A3B2E}.Debug|x86.Build.0 = Debug|Any CPU
		{01F9AB7A-633E-4F1B-9D58-53BA899A3B2E}.Release|Any CPU.ActiveCfg = Release|Any CPU
		{01F9AB7A-633E-4F1B-9D58-53BA899A3B2E}.Release|Any CPU.Build.0 = Release|Any CPU
		{01F9AB7A-633E-4F1B-9D58-53BA899A3B2E}.Release|x64.ActiveCfg = Release|Any CPU
		{01F9AB7A-633E-4F1B-9D58-53BA899A3B2E}.Release|x64.Build.0 = Release|Any CPU
		{01F9AB7A-633E-4F1B-9D58-53BA899A3B2E}.Release|x86.ActiveCfg = Release|Any CPU
		{01F9AB7A-633E-4F1B-9D58-53BA899A3B2E}.Release|x86.Build.0 = Release|Any CPU
		{B9FAE1CE-8328-4B4F-B673-CDC0E9B33539}.Debug|Any CPU.ActiveCfg = Debug|Any CPU
		{B9FAE1CE-8328-4B4F-B673-CDC0E9B33539}.Debug|Any CPU.Build.0 = Debug|Any CPU
		{B9FAE1CE-8328-4B4F-B673-CDC0E9B33539}.Debug|x64.ActiveCfg = Debug|Any CPU
		{B9FAE1CE-8328-4B4F-B673-CDC0E9B33539}.Debug|x64.Build.0 = Debug|Any CPU
		{B9FAE1CE-8328-4B4F-B673-CDC0E9B33539}.Debug|x86.ActiveCfg = Debug|Any CPU
		{B9FAE1CE-8328-4B4F-B673-CDC0E9B33539}.Debug|x86.Build.0 = Debug|Any CPU
		{B9FAE1CE-8328-4B4F-B673-CDC0E9B33539}.Release|Any CPU.ActiveCfg = Release|Any CPU
		{B9FAE1CE-8328-4B4F-B673-CDC0E9B33539}.Release|Any CPU.Build.0 = Release|Any CPU
		{B9FAE1CE-8328-4B4F-B673-CDC0E9B33539}.Release|x64.ActiveCfg = Release|Any CPU
		{B9FAE1CE-8328-4B4F-B673-CDC0E9B33539}.Release|x64.Build.0 = Release|Any CPU
		{B9FAE1CE-8328-4B4F-B673-CDC0E9B33539}.Release|x86.ActiveCfg = Release|Any CPU
		{B9FAE1CE-8328-4B4F-B673-CDC0E9B33539}.Release|x86.Build.0 = Release|Any CPU
		{4801D77E-E929-4D44-A49E-295909E581D4}.Debug|Any CPU.ActiveCfg = Debug|Any CPU
		{4801D77E-E929-4D44-A49E-295909E581D4}.Debug|Any CPU.Build.0 = Debug|Any CPU
		{4801D77E-E929-4D44-A49E-295909E581D4}.Debug|x64.ActiveCfg = Debug|Any CPU
		{4801D77E-E929-4D44-A49E-295909E581D4}.Debug|x64.Build.0 = Debug|Any CPU
		{4801D77E-E929-4D44-A49E-295909E581D4}.Debug|x86.ActiveCfg = Debug|Any CPU
		{4801D77E-E929-4D44-A49E-295909E581D4}.Debug|x86.Build.0 = Debug|Any CPU
		{4801D77E-E929-4D44-A49E-295909E581D4}.Release|Any CPU.ActiveCfg = Release|Any CPU
		{4801D77E-E929-4D44-A49E-295909E581D4}.Release|Any CPU.Build.0 = Release|Any CPU
		{4801D77E-E929-4D44-A49E-295909E581D4}.Release|x64.ActiveCfg = Release|Any CPU
		{4801D77E-E929-4D44-A49E-295909E581D4}.Release|x64.Build.0 = Release|Any CPU
		{4801D77E-E929-4D44-A49E-295909E581D4}.Release|x86.ActiveCfg = Release|Any CPU
		{4801D77E-E929-4D44-A49E-295909E581D4}.Release|x86.Build.0 = Release|Any CPU
		{4A619D71-6D3D-46FA-B137-92AA3F563803}.Debug|Any CPU.ActiveCfg = Debug|Any CPU
		{4A619D71-6D3D-46FA-B137-92AA3F563803}.Debug|Any CPU.Build.0 = Debug|Any CPU
		{4A619D71-6D3D-46FA-B137-92AA3F563803}.Debug|x64.ActiveCfg = Debug|Any CPU
		{4A619D71-6D3D-46FA-B137-92AA3F563803}.Debug|x64.Build.0 = Debug|Any CPU
		{4A619D71-6D3D-46FA-B137-92AA3F563803}.Debug|x86.ActiveCfg = Debug|Any CPU
		{4A619D71-6D3D-46FA-B137-92AA3F563803}.Debug|x86.Build.0 = Debug|Any CPU
		{4A619D71-6D3D-46FA-B137-92AA3F563803}.Release|Any CPU.ActiveCfg = Release|Any CPU
		{4A619D71-6D3D-46FA-B137-92AA3F563803}.Release|Any CPU.Build.0 = Release|Any CPU
		{4A619D71-6D3D-46FA-B137-92AA3F563803}.Release|x64.ActiveCfg = Release|Any CPU
		{4A619D71-6D3D-46FA-B137-92AA3F563803}.Release|x64.Build.0 = Release|Any CPU
		{4A619D71-6D3D-46FA-B137-92AA3F563803}.Release|x86.ActiveCfg = Release|Any CPU
		{4A619D71-6D3D-46FA-B137-92AA3F563803}.Release|x86.Build.0 = Release|Any CPU
		{36EC0682-C62C-42F3-A392-CFF7F87D8651}.Debug|Any CPU.ActiveCfg = Debug|Any CPU
		{36EC0682-C62C-42F3-A392-CFF7F87D8651}.Debug|Any CPU.Build.0 = Debug|Any CPU
		{36EC0682-C62C-42F3-A392-CFF7F87D8651}.Debug|x64.ActiveCfg = Debug|Any CPU
		{36EC0682-C62C-42F3-A392-CFF7F87D8651}.Debug|x64.Build.0 = Debug|Any CPU
		{36EC0682-C62C-42F3-A392-CFF7F87D8651}.Debug|x86.ActiveCfg = Debug|Any CPU
		{36EC0682-C62C-42F3-A392-CFF7F87D8651}.Debug|x86.Build.0 = Debug|Any CPU
		{36EC0682-C62C-42F3-A392-CFF7F87D8651}.Release|Any CPU.ActiveCfg = Release|Any CPU
		{36EC0682-C62C-42F3-A392-CFF7F87D8651}.Release|Any CPU.Build.0 = Release|Any CPU
		{36EC0682-C62C-42F3-A392-CFF7F87D8651}.Release|x64.ActiveCfg = Release|Any CPU
		{36EC0682-C62C-42F3-A392-CFF7F87D8651}.Release|x64.Build.0 = Release|Any CPU
		{36EC0682-C62C-42F3-A392-CFF7F87D8651}.Release|x86.ActiveCfg = Release|Any CPU
		{36EC0682-C62C-42F3-A392-CFF7F87D8651}.Release|x86.Build.0 = Release|Any CPU
		{E7E5C3AB-BBE5-478D-B542-01AE35192408}.Debug|Any CPU.ActiveCfg = Debug|Any CPU
		{E7E5C3AB-BBE5-478D-B542-01AE35192408}.Debug|Any CPU.Build.0 = Debug|Any CPU
		{E7E5C3AB-BBE5-478D-B542-01AE35192408}.Debug|x64.ActiveCfg = Debug|Any CPU
		{E7E5C3AB-BBE5-478D-B542-01AE35192408}.Debug|x64.Build.0 = Debug|Any CPU
		{E7E5C3AB-BBE5-478D-B542-01AE35192408}.Debug|x86.ActiveCfg = Debug|Any CPU
		{E7E5C3AB-BBE5-478D-B542-01AE35192408}.Debug|x86.Build.0 = Debug|Any CPU
		{E7E5C3AB-BBE5-478D-B542-01AE35192408}.Release|Any CPU.ActiveCfg = Release|Any CPU
		{E7E5C3AB-BBE5-478D-B542-01AE35192408}.Release|Any CPU.Build.0 = Release|Any CPU
		{E7E5C3AB-BBE5-478D-B542-01AE35192408}.Release|x64.ActiveCfg = Release|Any CPU
		{E7E5C3AB-BBE5-478D-B542-01AE35192408}.Release|x64.Build.0 = Release|Any CPU
		{E7E5C3AB-BBE5-478D-B542-01AE35192408}.Release|x86.ActiveCfg = Release|Any CPU
		{E7E5C3AB-BBE5-478D-B542-01AE35192408}.Release|x86.Build.0 = Release|Any CPU
		{88B4585C-459B-4E94-B168-1693F4A5ECE8}.Debug|Any CPU.ActiveCfg = Debug|Any CPU
		{88B4585C-459B-4E94-B168-1693F4A5ECE8}.Debug|Any CPU.Build.0 = Debug|Any CPU
		{88B4585C-459B-4E94-B168-1693F4A5ECE8}.Debug|x64.ActiveCfg = Debug|Any CPU
		{88B4585C-459B-4E94-B168-1693F4A5ECE8}.Debug|x64.Build.0 = Debug|Any CPU
		{88B4585C-459B-4E94-B168-1693F4A5ECE8}.Debug|x86.ActiveCfg = Debug|Any CPU
		{88B4585C-459B-4E94-B168-1693F4A5ECE8}.Debug|x86.Build.0 = Debug|Any CPU
		{88B4585C-459B-4E94-B168-1693F4A5ECE8}.Release|Any CPU.ActiveCfg = Release|Any CPU
		{88B4585C-459B-4E94-B168-1693F4A5ECE8}.Release|Any CPU.Build.0 = Release|Any CPU
		{88B4585C-459B-4E94-B168-1693F4A5ECE8}.Release|x64.ActiveCfg = Release|Any CPU
		{88B4585C-459B-4E94-B168-1693F4A5ECE8}.Release|x64.Build.0 = Release|Any CPU
		{88B4585C-459B-4E94-B168-1693F4A5ECE8}.Release|x86.ActiveCfg = Release|Any CPU
		{88B4585C-459B-4E94-B168-1693F4A5ECE8}.Release|x86.Build.0 = Release|Any CPU
		{76A063FD-336A-4717-878B-B6FE04454EA1}.Debug|Any CPU.ActiveCfg = Debug|Any CPU
		{76A063FD-336A-4717-878B-B6FE04454EA1}.Debug|Any CPU.Build.0 = Debug|Any CPU
		{76A063FD-336A-4717-878B-B6FE04454EA1}.Debug|x64.ActiveCfg = Debug|Any CPU
		{76A063FD-336A-4717-878B-B6FE04454EA1}.Debug|x64.Build.0 = Debug|Any CPU
		{76A063FD-336A-4717-878B-B6FE04454EA1}.Debug|x86.ActiveCfg = Debug|Any CPU
		{76A063FD-336A-4717-878B-B6FE04454EA1}.Debug|x86.Build.0 = Debug|Any CPU
		{76A063FD-336A-4717-878B-B6FE04454EA1}.Release|Any CPU.ActiveCfg = Release|Any CPU
		{76A063FD-336A-4717-878B-B6FE04454EA1}.Release|Any CPU.Build.0 = Release|Any CPU
		{76A063FD-336A-4717-878B-B6FE04454EA1}.Release|x64.ActiveCfg = Release|Any CPU
		{76A063FD-336A-4717-878B-B6FE04454EA1}.Release|x64.Build.0 = Release|Any CPU
		{76A063FD-336A-4717-878B-B6FE04454EA1}.Release|x86.ActiveCfg = Release|Any CPU
		{76A063FD-336A-4717-878B-B6FE04454EA1}.Release|x86.Build.0 = Release|Any CPU
		{CC28E899-434D-4071-B71F-FCE7FF600D6A}.Debug|Any CPU.ActiveCfg = Debug|Any CPU
		{CC28E899-434D-4071-B71F-FCE7FF600D6A}.Debug|Any CPU.Build.0 = Debug|Any CPU
		{CC28E899-434D-4071-B71F-FCE7FF600D6A}.Debug|x64.ActiveCfg = Debug|Any CPU
		{CC28E899-434D-4071-B71F-FCE7FF600D6A}.Debug|x64.Build.0 = Debug|Any CPU
		{CC28E899-434D-4071-B71F-FCE7FF600D6A}.Debug|x86.ActiveCfg = Debug|Any CPU
		{CC28E899-434D-4071-B71F-FCE7FF600D6A}.Debug|x86.Build.0 = Debug|Any CPU
		{CC28E899-434D-4071-B71F-FCE7FF600D6A}.Release|Any CPU.ActiveCfg = Release|Any CPU
		{CC28E899-434D-4071-B71F-FCE7FF600D6A}.Release|Any CPU.Build.0 = Release|Any CPU
		{CC28E899-434D-4071-B71F-FCE7FF600D6A}.Release|x64.ActiveCfg = Release|Any CPU
		{CC28E899-434D-4071-B71F-FCE7FF600D6A}.Release|x64.Build.0 = Release|Any CPU
		{CC28E899-434D-4071-B71F-FCE7FF600D6A}.Release|x86.ActiveCfg = Release|Any CPU
		{CC28E899-434D-4071-B71F-FCE7FF600D6A}.Release|x86.Build.0 = Release|Any CPU
		{BEA231B3-401D-4A47-A4F5-A6A71FF2602C}.Debug|Any CPU.ActiveCfg = Debug|Any CPU
		{BEA231B3-401D-4A47-A4F5-A6A71FF2602C}.Debug|Any CPU.Build.0 = Debug|Any CPU
		{BEA231B3-401D-4A47-A4F5-A6A71FF2602C}.Debug|x64.ActiveCfg = Debug|Any CPU
		{BEA231B3-401D-4A47-A4F5-A6A71FF2602C}.Debug|x64.Build.0 = Debug|Any CPU
		{BEA231B3-401D-4A47-A4F5-A6A71FF2602C}.Debug|x86.ActiveCfg = Debug|Any CPU
		{BEA231B3-401D-4A47-A4F5-A6A71FF2602C}.Debug|x86.Build.0 = Debug|Any CPU
		{BEA231B3-401D-4A47-A4F5-A6A71FF2602C}.Release|Any CPU.ActiveCfg = Release|Any CPU
		{BEA231B3-401D-4A47-A4F5-A6A71FF2602C}.Release|Any CPU.Build.0 = Release|Any CPU
		{BEA231B3-401D-4A47-A4F5-A6A71FF2602C}.Release|x64.ActiveCfg = Release|Any CPU
		{BEA231B3-401D-4A47-A4F5-A6A71FF2602C}.Release|x64.Build.0 = Release|Any CPU
		{BEA231B3-401D-4A47-A4F5-A6A71FF2602C}.Release|x86.ActiveCfg = Release|Any CPU
		{BEA231B3-401D-4A47-A4F5-A6A71FF2602C}.Release|x86.Build.0 = Release|Any CPU
	EndGlobalSection
	GlobalSection(SolutionProperties) = preSolution
		HideSolutionNode = FALSE
	EndGlobalSection
	GlobalSection(NestedProjects) = preSolution
		{F56E4C01-8D49-42F9-A111-63C2D3200A88} = {11805F6D-3D2F-472D-A3C8-56ED4302D10E}
		{E7AA4DC8-349E-4BAC-91BD-7D64E22FCF64} = {11805F6D-3D2F-472D-A3C8-56ED4302D10E}
		{9A5B5B31-6390-4E2D-A978-4074E81FC0B3} = {11805F6D-3D2F-472D-A3C8-56ED4302D10E}
		{43CE031E-FAAE-4718-85CF-F8ECA973D943} = {11805F6D-3D2F-472D-A3C8-56ED4302D10E}
		{16AE0DCE-F0F9-4F90-A430-585F2A162975} = {37F44871-BAAC-445A-B341-8807982A067C}
		{94B4DD84-6D10-49BA-8453-5C126AD0D9E8} = {37F44871-BAAC-445A-B341-8807982A067C}
		{F3A3145E-F3CB-4C4B-818F-67F7AFB2FE43} = {37F44871-BAAC-445A-B341-8807982A067C}
		{B22E7DA4-9A5C-4C24-A7CE-A9E0E5B7F3E3} = {37F44871-BAAC-445A-B341-8807982A067C}
		{DF0710B8-A1B2-42F4-B812-D62116398C65} = {37F44871-BAAC-445A-B341-8807982A067C}
		{45CE1AD1-2DA0-43DF-B13C-7B43D48C8449} = {9D1FB830-CBB2-4F63-A7BC-6B0936CDCDB8}
		{765245F0-0CDF-4AE4-BC6E-DA510C79EA3E} = {9D1FB830-CBB2-4F63-A7BC-6B0936CDCDB8}
		{709BEB11-B0B9-494A-8612-664322B2D2F5} = {9D1FB830-CBB2-4F63-A7BC-6B0936CDCDB8}
		{69CA3666-0608-4D1C-A9E3-37E212071332} = {9D1FB830-CBB2-4F63-A7BC-6B0936CDCDB8}
		{8856AAD0-B725-49D8-924F-1CFE6C8BAA92} = {9D1FB830-CBB2-4F63-A7BC-6B0936CDCDB8}
		{2E40E1B0-9C90-4D6F-9994-7470ED2870E0} = {9D1FB830-CBB2-4F63-A7BC-6B0936CDCDB8}
		{ED0C9D2C-4B1B-44F6-85E0-BF61F8719C9C} = {9D1FB830-CBB2-4F63-A7BC-6B0936CDCDB8}
		{1227EF5E-61E6-47C6-B806-2F85799B4648} = {37F44871-BAAC-445A-B341-8807982A067C}
		{284D0749-F75A-4CF1-AECD-457BC7C10114} = {D56AE80B-09CA-4DA7-82E8-A78E15DDD65C}
		{479F9DA6-7DFE-465C-8AD3-6551B0639C38} = {D56AE80B-09CA-4DA7-82E8-A78E15DDD65C}
		{71AA0C3F-E94C-42F1-9E34-A50D65BC1FB3} = {D56AE80B-09CA-4DA7-82E8-A78E15DDD65C}
		{5FF51C3E-9A25-4E38-9C61-D87CA4BF70B7} = {D56AE80B-09CA-4DA7-82E8-A78E15DDD65C}
		{8169A2B9-173B-4CF7-BA90-CA84F52ED4BA} = {D56AE80B-09CA-4DA7-82E8-A78E15DDD65C}
		{C562249D-14E8-4514-A8ED-147B50C8CF08} = {D56AE80B-09CA-4DA7-82E8-A78E15DDD65C}
		{F6923394-4665-4088-A2FF-A87471753D84} = {C3726EEF-4950-4AD4-8041-D3B35EBBD620}
		{AC71943F-2E76-4FC1-93D3-D6B1F4224EC3} = {D56AE80B-09CA-4DA7-82E8-A78E15DDD65C}
		{6C0C69A4-658C-4777-8F4A-9D9B0E36C85A} = {D56AE80B-09CA-4DA7-82E8-A78E15DDD65C}
		{7A528E34-5B8C-49B7-B9EA-5BF50295C630} = {D56AE80B-09CA-4DA7-82E8-A78E15DDD65C}
		{89E46990-2E05-40C8-B1EC-E9EC8E1F7BF7} = {9D1FB830-CBB2-4F63-A7BC-6B0936CDCDB8}
		{9A084A79-EA96-49B6-8858-E03443A09A75} = {37F44871-BAAC-445A-B341-8807982A067C}
		{4EF09059-7906-4644-A785-3FBA1AB280A5} = {D56AE80B-09CA-4DA7-82E8-A78E15DDD65C}
		{031E879B-1780-4E64-88B5-F91F41703994} = {D56AE80B-09CA-4DA7-82E8-A78E15DDD65C}
		{DEE265B2-57C4-437B-86FB-1BCCA4131902} = {37F44871-BAAC-445A-B341-8807982A067C}
		{09AA338B-12F9-4779-985C-FEDCB872C327} = {9D1FB830-CBB2-4F63-A7BC-6B0936CDCDB8}
		{6A9DB488-93F0-4CB4-801B-1CDFCB749EE4} = {9D1FB830-CBB2-4F63-A7BC-6B0936CDCDB8}
		{2FDDA85B-CCA4-4BED-BF34-837D70B19C26} = {37F44871-BAAC-445A-B341-8807982A067C}
		{8E001B86-A335-421C-853F-1B99B7B0088C} = {D56AE80B-09CA-4DA7-82E8-A78E15DDD65C}
		{E459AC9C-950B-43F2-BD52-444FABDED54C} = {D56AE80B-09CA-4DA7-82E8-A78E15DDD65C}
		{8326FB88-26F7-44A3-9CCD-2496004DAFA7} = {D56AE80B-09CA-4DA7-82E8-A78E15DDD65C}
		{21A26B06-32B9-4390-89B7-D2558E94A54B} = {D56AE80B-09CA-4DA7-82E8-A78E15DDD65C}
		{ABE329F9-FE11-48A7-86EC-19EAAEA10263} = {D56AE80B-09CA-4DA7-82E8-A78E15DDD65C}
		{314A5E8E-069D-4D21-AD89-896DC20AFF0D} = {37F44871-BAAC-445A-B341-8807982A067C}
		{1D4D0163-EBF3-4F95-80A3-F7E2C8361542} = {37F44871-BAAC-445A-B341-8807982A067C}
		{F008A21C-1DB3-416F-B0DE-9A6A38089C18} = {37F44871-BAAC-445A-B341-8807982A067C}
		{655A9FB4-C43D-4A97-847F-E7D53CE6377E} = {9D1FB830-CBB2-4F63-A7BC-6B0936CDCDB8}
		{BB1BCA7A-322B-4BD3-825A-B0EBE40D4B7F} = {864AC428-B6B0-436E-9557-00212A9C030D}
		{3458DA1D-76F4-4147-8A24-8615394480D4} = {BB1BCA7A-322B-4BD3-825A-B0EBE40D4B7F}
		{57F150F4-7614-4656-887F-F02BAC57289F} = {864AC428-B6B0-436E-9557-00212A9C030D}
		{7BB9C993-935A-4D6C-88D6-55892BD08622} = {57F150F4-7614-4656-887F-F02BAC57289F}
		{20F284A0-9739-49B1-AB47-B165939BEEBD} = {57F150F4-7614-4656-887F-F02BAC57289F}
		{C6C48AE6-970F-4B7C-8EEA-270D287FFEAB} = {BB1BCA7A-322B-4BD3-825A-B0EBE40D4B7F}
		{98A45B9D-EBA2-4282-B50B-5BC689BF91E8} = {BB1BCA7A-322B-4BD3-825A-B0EBE40D4B7F}
		{FD86E74B-5326-4836-8479-8BBCC3CC70B2} = {BB1BCA7A-322B-4BD3-825A-B0EBE40D4B7F}
		{925BC9E4-F462-410E-8D31-6E76200EC754} = {BB1BCA7A-322B-4BD3-825A-B0EBE40D4B7F}
		{CE879712-53C0-4F40-8518-00A4302C2A5A} = {BB1BCA7A-322B-4BD3-825A-B0EBE40D4B7F}
		{AFD84C97-0B0C-4E53-BEF5-7999C03DE168} = {864AC428-B6B0-436E-9557-00212A9C030D}
		{3BEBD8CC-1188-42C3-9F9D-59618FA0ACB3} = {AFD84C97-0B0C-4E53-BEF5-7999C03DE168}
		{B31F121B-C2CC-47B5-809D-15005FFC1D08} = {864AC428-B6B0-436E-9557-00212A9C030D}
		{BAAA3511-16AE-45B1-B3DB-B4D2B4654897} = {B31F121B-C2CC-47B5-809D-15005FFC1D08}
		{6C108B36-5849-4BA4-A643-A6EBBF07DDDC} = {B31F121B-C2CC-47B5-809D-15005FFC1D08}
		{FA76179C-7259-4988-9626-5FF47F87C852} = {B31F121B-C2CC-47B5-809D-15005FFC1D08}
		{DE96B29A-F904-4428-B956-83DC35CC6F86} = {B31F121B-C2CC-47B5-809D-15005FFC1D08}
		{F7AD2D91-53C5-45B0-B70F-F715D40785AD} = {864AC428-B6B0-436E-9557-00212A9C030D}
		{C5FA7D98-4942-49D1-A80B-BF08C5FA9EEE} = {F7AD2D91-53C5-45B0-B70F-F715D40785AD}
		{BC54040F-F44E-49CC-9D7E-B00B31DC39E7} = {F7AD2D91-53C5-45B0-B70F-F715D40785AD}
		{91CA4C82-E0E9-4DE3-9F8D-9C23D49798BB} = {B31F121B-C2CC-47B5-809D-15005FFC1D08}
		{BA80FC30-513C-480D-B600-A0449C9E3CE6} = {B31F121B-C2CC-47B5-809D-15005FFC1D08}
		{5E8DD115-48A3-4C74-8530-FE44816EC3E6} = {B31F121B-C2CC-47B5-809D-15005FFC1D08}
		{01F9AB7A-633E-4F1B-9D58-53BA899A3B2E} = {B31F121B-C2CC-47B5-809D-15005FFC1D08}
		{B9FAE1CE-8328-4B4F-B673-CDC0E9B33539} = {B31F121B-C2CC-47B5-809D-15005FFC1D08}
		{9A454563-A548-4063-8A92-6C66BEBD9B21} = {C3726EEF-4950-4AD4-8041-D3B35EBBD620}
		{4801D77E-E929-4D44-A49E-295909E581D4} = {9A454563-A548-4063-8A92-6C66BEBD9B21}
		{4A619D71-6D3D-46FA-B137-92AA3F563803} = {B31F121B-C2CC-47B5-809D-15005FFC1D08}
		{36EC0682-C62C-42F3-A392-CFF7F87D8651} = {B31F121B-C2CC-47B5-809D-15005FFC1D08}
		{2F8807A2-5E55-4CB7-9797-2E46E6FA6569} = {864AC428-B6B0-436E-9557-00212A9C030D}
		{E7E5C3AB-BBE5-478D-B542-01AE35192408} = {2F8807A2-5E55-4CB7-9797-2E46E6FA6569}
		{88B4585C-459B-4E94-B168-1693F4A5ECE8} = {57F150F4-7614-4656-887F-F02BAC57289F}
		{76A063FD-336A-4717-878B-B6FE04454EA1} = {57F150F4-7614-4656-887F-F02BAC57289F}
		{CC28E899-434D-4071-B71F-FCE7FF600D6A} = {57F150F4-7614-4656-887F-F02BAC57289F}
		{BEA231B3-401D-4A47-A4F5-A6A71FF2602C} = {57F150F4-7614-4656-887F-F02BAC57289F}
	EndGlobalSection
EndGlobal
