
Microsoft Visual Studio Solution File, Format Version 12.00
# Visual Studio 14
VisualStudioVersion = 14.0.25420.1
MinimumVisualStudioVersion = 10.0.40219.1
Project("{FAE04EC0-301F-11D3-BF4B-00C04F79EFBC}") = "PossiblePath", "PossiblePath\PossiblePath.csproj", "{A63D2CF1-246F-4044-8645-117311F5F2B1}"
EndProject
Project("{FAE04EC0-301F-11D3-BF4B-00C04F79EFBC}") = "ConnectingTowns", "ConnectingTowns\ConnectingTowns.csproj", "{86CE0FFE-E011-4CA8-A443-8EC6F813CADC}"
EndProject
Project("{888888A0-9F3D-457C-B088-3A5042F75D52}") = "SummingTheNseries", "SummingTheNseries\SummingTheNseries.pyproj", "{B0AE7837-4C94-41C5-8C3D-C83B803F2FA2}"
EndProject
Project("{2150E333-8FDC-42A3-9474-1A3956D46DE8}") = "RookieRank2", "RookieRank2", "{11805F6D-3D2F-472D-A3C8-56ED4302D10E}"
EndProject
Project("{FAE04EC0-301F-11D3-BF4B-00C04F79EFBC}") = "MigratoryBirds", "MigratoryBirds\MigratoryBirds.csproj", "{F56E4C01-8D49-42F9-A111-63C2D3200A88}"
EndProject
Project("{FAE04EC0-301F-11D3-BF4B-00C04F79EFBC}") = "Minimum Absolute Difference in an Array", "Minimum Absolute Difference in an Array\Minimum Absolute Difference in an Array.csproj", "{E7AA4DC8-349E-4BAC-91BD-7D64E22FCF64}"
EndProject
Project("{FAE04EC0-301F-11D3-BF4B-00C04F79EFBC}") = "HackerRank in a String", "HackerRank in a String\HackerRank in a String.csproj", "{9A5B5B31-6390-4E2D-A978-4074E81FC0B3}"
EndProject
Project("{FAE04EC0-301F-11D3-BF4B-00C04F79EFBC}") = "KnightL on a Chessboard", "KnightL on a Chessboard\KnightL on a Chessboard.csproj", "{43CE031E-FAAE-4718-85CF-F8ECA973D943}"
EndProject
Project("{2150E333-8FDC-42A3-9474-1A3956D46DE8}") = "SQL", "SQL", "{37F44871-BAAC-445A-B341-8807982A067C}"
EndProject
Project("{00D1A9C2-B5F0-4AF3-8072-F6C62B433612}") = "Average Population of Each Continent", "Average Population of Each Continent\Average Population of Each Continent.sqlproj", "{16AE0DCE-F0F9-4F90-A430-585F2A162975}"
EndProject
Project("{00D1A9C2-B5F0-4AF3-8072-F6C62B433612}") = "New Companies", "New Companies\New Companies.sqlproj", "{94B4DD84-6D10-49BA-8453-5C126AD0D9E8}"
EndProject
Project("{00D1A9C2-B5F0-4AF3-8072-F6C62B433612}") = "The Blunder", "The Blunder\The Blunder.sqlproj", "{F3A3145E-F3CB-4C4B-818F-67F7AFB2FE43}"
EndProject
Project("{00D1A9C2-B5F0-4AF3-8072-F6C62B433612}") = "Top Earners", "Top Earners\Top Earners.sqlproj", "{B22E7DA4-9A5C-4C24-A7CE-A9E0E5B7F3E3}"
EndProject
Project("{00D1A9C2-B5F0-4AF3-8072-F6C62B433612}") = "Weather Observation Station 18", "Weather Observation Station 18\Weather Observation Station 18.sqlproj", "{DF0710B8-A1B2-42F4-B812-D62116398C65}"
EndProject
Project("{2150E333-8FDC-42A3-9474-1A3956D46DE8}") = "Cracking the Coding Interview", "Cracking the Coding Interview", "{9D1FB830-CBB2-4F63-A7BC-6B0936CDCDB8}"
EndProject
Project("{FAE04EC0-301F-11D3-BF4B-00C04F79EFBC}") = "LeftRotation", "LeftRotation\LeftRotation.csproj", "{45CE1AD1-2DA0-43DF-B13C-7B43D48C8449}"
EndProject
Project("{FAE04EC0-301F-11D3-BF4B-00C04F79EFBC}") = "Making Anagrams", "Making Anagrams\Making Anagrams.csproj", "{765245F0-0CDF-4AE4-BC6E-DA510C79EA3E}"
EndProject
Project("{FAE04EC0-301F-11D3-BF4B-00C04F79EFBC}") = "Ransom Note", "Ransom Note\Ransom Note.csproj", "{709BEB11-B0B9-494A-8612-664322B2D2F5}"
EndProject
Project("{888888A0-9F3D-457C-B088-3A5042F75D52}") = "Detect a Cycle", "Detect a Cycle\Detect a Cycle.pyproj", "{69CA3666-0608-4D1C-A9E3-37E212071332}"
EndProject
Project("{FAE04EC0-301F-11D3-BF4B-00C04F79EFBC}") = "Stack Balanced", "Stack Balanced\Stack Balanced.csproj", "{8856AAD0-B725-49D8-924F-1CFE6C8BAA92}"
EndProject
Global
	GlobalSection(SolutionConfigurationPlatforms) = preSolution
		Debug|Any CPU = Debug|Any CPU
		Debug|x64 = Debug|x64
		Debug|x86 = Debug|x86
		Release|Any CPU = Release|Any CPU
		Release|x64 = Release|x64
		Release|x86 = Release|x86
	EndGlobalSection
	GlobalSection(ProjectConfigurationPlatforms) = postSolution
		{A63D2CF1-246F-4044-8645-117311F5F2B1}.Debug|Any CPU.ActiveCfg = Debug|Any CPU
		{A63D2CF1-246F-4044-8645-117311F5F2B1}.Debug|Any CPU.Build.0 = Debug|Any CPU
		{A63D2CF1-246F-4044-8645-117311F5F2B1}.Debug|x64.ActiveCfg = Debug|Any CPU
		{A63D2CF1-246F-4044-8645-117311F5F2B1}.Debug|x86.ActiveCfg = Debug|Any CPU
		{A63D2CF1-246F-4044-8645-117311F5F2B1}.Release|Any CPU.ActiveCfg = Release|Any CPU
		{A63D2CF1-246F-4044-8645-117311F5F2B1}.Release|Any CPU.Build.0 = Release|Any CPU
		{A63D2CF1-246F-4044-8645-117311F5F2B1}.Release|x64.ActiveCfg = Release|Any CPU
		{A63D2CF1-246F-4044-8645-117311F5F2B1}.Release|x86.ActiveCfg = Release|Any CPU
		{86CE0FFE-E011-4CA8-A443-8EC6F813CADC}.Debug|Any CPU.ActiveCfg = Debug|Any CPU
		{86CE0FFE-E011-4CA8-A443-8EC6F813CADC}.Debug|Any CPU.Build.0 = Debug|Any CPU
		{86CE0FFE-E011-4CA8-A443-8EC6F813CADC}.Debug|x64.ActiveCfg = Debug|Any CPU
		{86CE0FFE-E011-4CA8-A443-8EC6F813CADC}.Debug|x86.ActiveCfg = Debug|Any CPU
		{86CE0FFE-E011-4CA8-A443-8EC6F813CADC}.Release|Any CPU.ActiveCfg = Release|Any CPU
		{86CE0FFE-E011-4CA8-A443-8EC6F813CADC}.Release|Any CPU.Build.0 = Release|Any CPU
		{86CE0FFE-E011-4CA8-A443-8EC6F813CADC}.Release|x64.ActiveCfg = Release|Any CPU
		{86CE0FFE-E011-4CA8-A443-8EC6F813CADC}.Release|x86.ActiveCfg = Release|Any CPU
		{B0AE7837-4C94-41C5-8C3D-C83B803F2FA2}.Debug|Any CPU.ActiveCfg = Debug|Any CPU
		{B0AE7837-4C94-41C5-8C3D-C83B803F2FA2}.Debug|x64.ActiveCfg = Debug|Any CPU
		{B0AE7837-4C94-41C5-8C3D-C83B803F2FA2}.Debug|x86.ActiveCfg = Debug|Any CPU
		{B0AE7837-4C94-41C5-8C3D-C83B803F2FA2}.Release|Any CPU.ActiveCfg = Release|Any CPU
		{B0AE7837-4C94-41C5-8C3D-C83B803F2FA2}.Release|x64.ActiveCfg = Release|Any CPU
		{B0AE7837-4C94-41C5-8C3D-C83B803F2FA2}.Release|x86.ActiveCfg = Release|Any CPU
		{F56E4C01-8D49-42F9-A111-63C2D3200A88}.Debug|Any CPU.ActiveCfg = Debug|Any CPU
		{F56E4C01-8D49-42F9-A111-63C2D3200A88}.Debug|Any CPU.Build.0 = Debug|Any CPU
		{F56E4C01-8D49-42F9-A111-63C2D3200A88}.Debug|x64.ActiveCfg = Debug|Any CPU
		{F56E4C01-8D49-42F9-A111-63C2D3200A88}.Debug|x86.ActiveCfg = Debug|Any CPU
		{F56E4C01-8D49-42F9-A111-63C2D3200A88}.Release|Any CPU.ActiveCfg = Release|Any CPU
		{F56E4C01-8D49-42F9-A111-63C2D3200A88}.Release|Any CPU.Build.0 = Release|Any CPU
		{F56E4C01-8D49-42F9-A111-63C2D3200A88}.Release|x64.ActiveCfg = Release|Any CPU
		{F56E4C01-8D49-42F9-A111-63C2D3200A88}.Release|x86.ActiveCfg = Release|Any CPU
		{E7AA4DC8-349E-4BAC-91BD-7D64E22FCF64}.Debug|Any CPU.ActiveCfg = Debug|Any CPU
		{E7AA4DC8-349E-4BAC-91BD-7D64E22FCF64}.Debug|Any CPU.Build.0 = Debug|Any CPU
		{E7AA4DC8-349E-4BAC-91BD-7D64E22FCF64}.Debug|x64.ActiveCfg = Debug|Any CPU
		{E7AA4DC8-349E-4BAC-91BD-7D64E22FCF64}.Debug|x86.ActiveCfg = Debug|Any CPU
		{E7AA4DC8-349E-4BAC-91BD-7D64E22FCF64}.Release|Any CPU.ActiveCfg = Release|Any CPU
		{E7AA4DC8-349E-4BAC-91BD-7D64E22FCF64}.Release|Any CPU.Build.0 = Release|Any CPU
		{E7AA4DC8-349E-4BAC-91BD-7D64E22FCF64}.Release|x64.ActiveCfg = Release|Any CPU
		{E7AA4DC8-349E-4BAC-91BD-7D64E22FCF64}.Release|x86.ActiveCfg = Release|Any CPU
		{9A5B5B31-6390-4E2D-A978-4074E81FC0B3}.Debug|Any CPU.ActiveCfg = Debug|Any CPU
		{9A5B5B31-6390-4E2D-A978-4074E81FC0B3}.Debug|Any CPU.Build.0 = Debug|Any CPU
		{9A5B5B31-6390-4E2D-A978-4074E81FC0B3}.Debug|x64.ActiveCfg = Debug|Any CPU
		{9A5B5B31-6390-4E2D-A978-4074E81FC0B3}.Debug|x86.ActiveCfg = Debug|Any CPU
		{9A5B5B31-6390-4E2D-A978-4074E81FC0B3}.Release|Any CPU.ActiveCfg = Release|Any CPU
		{9A5B5B31-6390-4E2D-A978-4074E81FC0B3}.Release|Any CPU.Build.0 = Release|Any CPU
		{9A5B5B31-6390-4E2D-A978-4074E81FC0B3}.Release|x64.ActiveCfg = Release|Any CPU
		{9A5B5B31-6390-4E2D-A978-4074E81FC0B3}.Release|x86.ActiveCfg = Release|Any CPU
		{43CE031E-FAAE-4718-85CF-F8ECA973D943}.Debug|Any CPU.ActiveCfg = Debug|Any CPU
		{43CE031E-FAAE-4718-85CF-F8ECA973D943}.Debug|Any CPU.Build.0 = Debug|Any CPU
		{43CE031E-FAAE-4718-85CF-F8ECA973D943}.Debug|x64.ActiveCfg = Debug|Any CPU
		{43CE031E-FAAE-4718-85CF-F8ECA973D943}.Debug|x86.ActiveCfg = Debug|Any CPU
		{43CE031E-FAAE-4718-85CF-F8ECA973D943}.Release|Any CPU.ActiveCfg = Release|Any CPU
		{43CE031E-FAAE-4718-85CF-F8ECA973D943}.Release|Any CPU.Build.0 = Release|Any CPU
		{43CE031E-FAAE-4718-85CF-F8ECA973D943}.Release|x64.ActiveCfg = Release|Any CPU
		{43CE031E-FAAE-4718-85CF-F8ECA973D943}.Release|x86.ActiveCfg = Release|Any CPU
		{16AE0DCE-F0F9-4F90-A430-585F2A162975}.Debug|Any CPU.ActiveCfg = Debug|Any CPU
		{16AE0DCE-F0F9-4F90-A430-585F2A162975}.Debug|Any CPU.Build.0 = Debug|Any CPU
		{16AE0DCE-F0F9-4F90-A430-585F2A162975}.Debug|Any CPU.Deploy.0 = Debug|Any CPU
		{16AE0DCE-F0F9-4F90-A430-585F2A162975}.Debug|x64.ActiveCfg = Debug|Any CPU
		{16AE0DCE-F0F9-4F90-A430-585F2A162975}.Debug|x86.ActiveCfg = Debug|Any CPU
		{16AE0DCE-F0F9-4F90-A430-585F2A162975}.Release|Any CPU.ActiveCfg = Release|Any CPU
		{16AE0DCE-F0F9-4F90-A430-585F2A162975}.Release|Any CPU.Build.0 = Release|Any CPU
		{16AE0DCE-F0F9-4F90-A430-585F2A162975}.Release|Any CPU.Deploy.0 = Release|Any CPU
		{16AE0DCE-F0F9-4F90-A430-585F2A162975}.Release|x64.ActiveCfg = Release|Any CPU
		{16AE0DCE-F0F9-4F90-A430-585F2A162975}.Release|x86.ActiveCfg = Release|Any CPU
		{94B4DD84-6D10-49BA-8453-5C126AD0D9E8}.Debug|Any CPU.ActiveCfg = Debug|Any CPU
		{94B4DD84-6D10-49BA-8453-5C126AD0D9E8}.Debug|Any CPU.Build.0 = Debug|Any CPU
		{94B4DD84-6D10-49BA-8453-5C126AD0D9E8}.Debug|Any CPU.Deploy.0 = Debug|Any CPU
		{94B4DD84-6D10-49BA-8453-5C126AD0D9E8}.Debug|x64.ActiveCfg = Debug|Any CPU
		{94B4DD84-6D10-49BA-8453-5C126AD0D9E8}.Debug|x86.ActiveCfg = Debug|Any CPU
		{94B4DD84-6D10-49BA-8453-5C126AD0D9E8}.Release|Any CPU.ActiveCfg = Release|Any CPU
		{94B4DD84-6D10-49BA-8453-5C126AD0D9E8}.Release|Any CPU.Build.0 = Release|Any CPU
		{94B4DD84-6D10-49BA-8453-5C126AD0D9E8}.Release|Any CPU.Deploy.0 = Release|Any CPU
		{94B4DD84-6D10-49BA-8453-5C126AD0D9E8}.Release|x64.ActiveCfg = Release|Any CPU
		{94B4DD84-6D10-49BA-8453-5C126AD0D9E8}.Release|x86.ActiveCfg = Release|Any CPU
		{F3A3145E-F3CB-4C4B-818F-67F7AFB2FE43}.Debug|Any CPU.ActiveCfg = Debug|Any CPU
		{F3A3145E-F3CB-4C4B-818F-67F7AFB2FE43}.Debug|Any CPU.Build.0 = Debug|Any CPU
		{F3A3145E-F3CB-4C4B-818F-67F7AFB2FE43}.Debug|Any CPU.Deploy.0 = Debug|Any CPU
		{F3A3145E-F3CB-4C4B-818F-67F7AFB2FE43}.Debug|x64.ActiveCfg = Debug|Any CPU
		{F3A3145E-F3CB-4C4B-818F-67F7AFB2FE43}.Debug|x86.ActiveCfg = Debug|Any CPU
		{F3A3145E-F3CB-4C4B-818F-67F7AFB2FE43}.Release|Any CPU.ActiveCfg = Release|Any CPU
		{F3A3145E-F3CB-4C4B-818F-67F7AFB2FE43}.Release|Any CPU.Build.0 = Release|Any CPU
		{F3A3145E-F3CB-4C4B-818F-67F7AFB2FE43}.Release|Any CPU.Deploy.0 = Release|Any CPU
		{F3A3145E-F3CB-4C4B-818F-67F7AFB2FE43}.Release|x64.ActiveCfg = Release|Any CPU
		{F3A3145E-F3CB-4C4B-818F-67F7AFB2FE43}.Release|x86.ActiveCfg = Release|Any CPU
		{B22E7DA4-9A5C-4C24-A7CE-A9E0E5B7F3E3}.Debug|Any CPU.ActiveCfg = Debug|Any CPU
		{B22E7DA4-9A5C-4C24-A7CE-A9E0E5B7F3E3}.Debug|Any CPU.Build.0 = Debug|Any CPU
		{B22E7DA4-9A5C-4C24-A7CE-A9E0E5B7F3E3}.Debug|Any CPU.Deploy.0 = Debug|Any CPU
		{B22E7DA4-9A5C-4C24-A7CE-A9E0E5B7F3E3}.Debug|x64.ActiveCfg = Debug|Any CPU
		{B22E7DA4-9A5C-4C24-A7CE-A9E0E5B7F3E3}.Debug|x86.ActiveCfg = Debug|Any CPU
		{B22E7DA4-9A5C-4C24-A7CE-A9E0E5B7F3E3}.Release|Any CPU.ActiveCfg = Release|Any CPU
		{B22E7DA4-9A5C-4C24-A7CE-A9E0E5B7F3E3}.Release|Any CPU.Build.0 = Release|Any CPU
		{B22E7DA4-9A5C-4C24-A7CE-A9E0E5B7F3E3}.Release|Any CPU.Deploy.0 = Release|Any CPU
		{B22E7DA4-9A5C-4C24-A7CE-A9E0E5B7F3E3}.Release|x64.ActiveCfg = Release|Any CPU
		{B22E7DA4-9A5C-4C24-A7CE-A9E0E5B7F3E3}.Release|x86.ActiveCfg = Release|Any CPU
		{DF0710B8-A1B2-42F4-B812-D62116398C65}.Debug|Any CPU.ActiveCfg = Debug|Any CPU
		{DF0710B8-A1B2-42F4-B812-D62116398C65}.Debug|Any CPU.Build.0 = Debug|Any CPU
		{DF0710B8-A1B2-42F4-B812-D62116398C65}.Debug|Any CPU.Deploy.0 = Debug|Any CPU
		{DF0710B8-A1B2-42F4-B812-D62116398C65}.Debug|x64.ActiveCfg = Debug|Any CPU
		{DF0710B8-A1B2-42F4-B812-D62116398C65}.Debug|x86.ActiveCfg = Debug|Any CPU
		{DF0710B8-A1B2-42F4-B812-D62116398C65}.Release|Any CPU.ActiveCfg = Release|Any CPU
		{DF0710B8-A1B2-42F4-B812-D62116398C65}.Release|Any CPU.Build.0 = Release|Any CPU
		{DF0710B8-A1B2-42F4-B812-D62116398C65}.Release|Any CPU.Deploy.0 = Release|Any CPU
		{DF0710B8-A1B2-42F4-B812-D62116398C65}.Release|x64.ActiveCfg = Release|Any CPU
		{DF0710B8-A1B2-42F4-B812-D62116398C65}.Release|x86.ActiveCfg = Release|Any CPU
		{45CE1AD1-2DA0-43DF-B13C-7B43D48C8449}.Debug|Any CPU.ActiveCfg = Debug|Any CPU
		{45CE1AD1-2DA0-43DF-B13C-7B43D48C8449}.Debug|Any CPU.Build.0 = Debug|Any CPU
		{45CE1AD1-2DA0-43DF-B13C-7B43D48C8449}.Debug|x64.ActiveCfg = Debug|Any CPU
		{45CE1AD1-2DA0-43DF-B13C-7B43D48C8449}.Debug|x86.ActiveCfg = Debug|Any CPU
		{45CE1AD1-2DA0-43DF-B13C-7B43D48C8449}.Release|Any CPU.ActiveCfg = Release|Any CPU
		{45CE1AD1-2DA0-43DF-B13C-7B43D48C8449}.Release|Any CPU.Build.0 = Release|Any CPU
		{45CE1AD1-2DA0-43DF-B13C-7B43D48C8449}.Release|x64.ActiveCfg = Release|Any CPU
		{45CE1AD1-2DA0-43DF-B13C-7B43D48C8449}.Release|x86.ActiveCfg = Release|Any CPU
		{765245F0-0CDF-4AE4-BC6E-DA510C79EA3E}.Debug|Any CPU.ActiveCfg = Debug|Any CPU
		{765245F0-0CDF-4AE4-BC6E-DA510C79EA3E}.Debug|Any CPU.Build.0 = Debug|Any CPU
		{765245F0-0CDF-4AE4-BC6E-DA510C79EA3E}.Debug|x64.ActiveCfg = Debug|Any CPU
		{765245F0-0CDF-4AE4-BC6E-DA510C79EA3E}.Debug|x86.ActiveCfg = Debug|Any CPU
		{765245F0-0CDF-4AE4-BC6E-DA510C79EA3E}.Release|Any CPU.ActiveCfg = Release|Any CPU
		{765245F0-0CDF-4AE4-BC6E-DA510C79EA3E}.Release|Any CPU.Build.0 = Release|Any CPU
		{765245F0-0CDF-4AE4-BC6E-DA510C79EA3E}.Release|x64.ActiveCfg = Release|Any CPU
		{765245F0-0CDF-4AE4-BC6E-DA510C79EA3E}.Release|x86.ActiveCfg = Release|Any CPU
		{709BEB11-B0B9-494A-8612-664322B2D2F5}.Debug|Any CPU.ActiveCfg = Debug|Any CPU
		{709BEB11-B0B9-494A-8612-664322B2D2F5}.Debug|Any CPU.Build.0 = Debug|Any CPU
		{709BEB11-B0B9-494A-8612-664322B2D2F5}.Debug|x64.ActiveCfg = Debug|Any CPU
		{709BEB11-B0B9-494A-8612-664322B2D2F5}.Debug|x86.ActiveCfg = Debug|Any CPU
		{709BEB11-B0B9-494A-8612-664322B2D2F5}.Release|Any CPU.ActiveCfg = Release|Any CPU
		{709BEB11-B0B9-494A-8612-664322B2D2F5}.Release|Any CPU.Build.0 = Release|Any CPU
		{709BEB11-B0B9-494A-8612-664322B2D2F5}.Release|x64.ActiveCfg = Release|Any CPU
		{709BEB11-B0B9-494A-8612-664322B2D2F5}.Release|x86.ActiveCfg = Release|Any CPU
		{69CA3666-0608-4D1C-A9E3-37E212071332}.Debug|Any CPU.ActiveCfg = Debug|Any CPU
		{69CA3666-0608-4D1C-A9E3-37E212071332}.Debug|x64.ActiveCfg = Debug|Any CPU
		{69CA3666-0608-4D1C-A9E3-37E212071332}.Debug|x86.ActiveCfg = Debug|Any CPU
		{69CA3666-0608-4D1C-A9E3-37E212071332}.Release|Any CPU.ActiveCfg = Release|Any CPU
		{69CA3666-0608-4D1C-A9E3-37E212071332}.Release|x64.ActiveCfg = Release|Any CPU
		{69CA3666-0608-4D1C-A9E3-37E212071332}.Release|x86.ActiveCfg = Release|Any CPU
		{8856AAD0-B725-49D8-924F-1CFE6C8BAA92}.Debug|Any CPU.ActiveCfg = Debug|Any CPU
		{8856AAD0-B725-49D8-924F-1CFE6C8BAA92}.Debug|Any CPU.Build.0 = Debug|Any CPU
		{8856AAD0-B725-49D8-924F-1CFE6C8BAA92}.Debug|x64.ActiveCfg = Debug|Any CPU
		{8856AAD0-B725-49D8-924F-1CFE6C8BAA92}.Debug|x64.Build.0 = Debug|Any CPU
		{8856AAD0-B725-49D8-924F-1CFE6C8BAA92}.Debug|x86.ActiveCfg = Debug|Any CPU
		{8856AAD0-B725-49D8-924F-1CFE6C8BAA92}.Debug|x86.Build.0 = Debug|Any CPU
		{8856AAD0-B725-49D8-924F-1CFE6C8BAA92}.Release|Any CPU.ActiveCfg = Release|Any CPU
		{8856AAD0-B725-49D8-924F-1CFE6C8BAA92}.Release|Any CPU.Build.0 = Release|Any CPU
		{8856AAD0-B725-49D8-924F-1CFE6C8BAA92}.Release|x64.ActiveCfg = Release|Any CPU
		{8856AAD0-B725-49D8-924F-1CFE6C8BAA92}.Release|x64.Build.0 = Release|Any CPU
		{8856AAD0-B725-49D8-924F-1CFE6C8BAA92}.Release|x86.ActiveCfg = Release|Any CPU
		{8856AAD0-B725-49D8-924F-1CFE6C8BAA92}.Release|x86.Build.0 = Release|Any CPU
	EndGlobalSection
	GlobalSection(SolutionProperties) = preSolution
		HideSolutionNode = FALSE
	EndGlobalSection
	GlobalSection(NestedProjects) = preSolution
		{F56E4C01-8D49-42F9-A111-63C2D3200A88} = {11805F6D-3D2F-472D-A3C8-56ED4302D10E}
		{E7AA4DC8-349E-4BAC-91BD-7D64E22FCF64} = {11805F6D-3D2F-472D-A3C8-56ED4302D10E}
		{9A5B5B31-6390-4E2D-A978-4074E81FC0B3} = {11805F6D-3D2F-472D-A3C8-56ED4302D10E}
		{43CE031E-FAAE-4718-85CF-F8ECA973D943} = {11805F6D-3D2F-472D-A3C8-56ED4302D10E}
		{16AE0DCE-F0F9-4F90-A430-585F2A162975} = {37F44871-BAAC-445A-B341-8807982A067C}
		{94B4DD84-6D10-49BA-8453-5C126AD0D9E8} = {37F44871-BAAC-445A-B341-8807982A067C}
		{F3A3145E-F3CB-4C4B-818F-67F7AFB2FE43} = {37F44871-BAAC-445A-B341-8807982A067C}
		{B22E7DA4-9A5C-4C24-A7CE-A9E0E5B7F3E3} = {37F44871-BAAC-445A-B341-8807982A067C}
		{DF0710B8-A1B2-42F4-B812-D62116398C65} = {37F44871-BAAC-445A-B341-8807982A067C}
		{45CE1AD1-2DA0-43DF-B13C-7B43D48C8449} = {9D1FB830-CBB2-4F63-A7BC-6B0936CDCDB8}
		{765245F0-0CDF-4AE4-BC6E-DA510C79EA3E} = {9D1FB830-CBB2-4F63-A7BC-6B0936CDCDB8}
		{709BEB11-B0B9-494A-8612-664322B2D2F5} = {9D1FB830-CBB2-4F63-A7BC-6B0936CDCDB8}
		{69CA3666-0608-4D1C-A9E3-37E212071332} = {9D1FB830-CBB2-4F63-A7BC-6B0936CDCDB8}
		{8856AAD0-B725-49D8-924F-1CFE6C8BAA92} = {9D1FB830-CBB2-4F63-A7BC-6B0936CDCDB8}
	EndGlobalSection
EndGlobal
