
Microsoft Visual Studio Solution File, Format Version 12.00
# Visual Studio 14
VisualStudioVersion = 14.0.25420.1
MinimumVisualStudioVersion = 10.0.40219.1
Project("{FAE04EC0-301F-11D3-BF4B-00C04F79EFBC}") = "PossiblePath", "PossiblePath\PossiblePath.csproj", "{A63D2CF1-246F-4044-8645-117311F5F2B1}"
EndProject
Project("{FAE04EC0-301F-11D3-BF4B-00C04F79EFBC}") = "ConnectingTowns", "ConnectingTowns\ConnectingTowns.csproj", "{86CE0FFE-E011-4CA8-A443-8EC6F813CADC}"
EndProject
Project("{888888A0-9F3D-457C-B088-3A5042F75D52}") = "SummingTheNseries", "SummingTheNseries\SummingTheNseries.pyproj", "{B0AE7837-4C94-41C5-8C3D-C83B803F2FA2}"
EndProject
Project("{2150E333-8FDC-42A3-9474-1A3956D46DE8}") = "RookieRank2", "RookieRank2", "{11805F6D-3D2F-472D-A3C8-56ED4302D10E}"
EndProject
Project("{FAE04EC0-301F-11D3-BF4B-00C04F79EFBC}") = "MigratoryBirds", "MigratoryBirds\MigratoryBirds.csproj", "{F56E4C01-8D49-42F9-A111-63C2D3200A88}"
EndProject
Project("{FAE04EC0-301F-11D3-BF4B-00C04F79EFBC}") = "Minimum Absolute Difference in an Array", "Minimum Absolute Difference in an Array\Minimum Absolute Difference in an Array.csproj", "{E7AA4DC8-349E-4BAC-91BD-7D64E22FCF64}"
EndProject
Project("{FAE04EC0-301F-11D3-BF4B-00C04F79EFBC}") = "HackerRank in a String", "HackerRank in a String\HackerRank in a String.csproj", "{9A5B5B31-6390-4E2D-A978-4074E81FC0B3}"
EndProject
Global
	GlobalSection(SolutionConfigurationPlatforms) = preSolution
		Debug|Any CPU = Debug|Any CPU
		Release|Any CPU = Release|Any CPU
	EndGlobalSection
	GlobalSection(ProjectConfigurationPlatforms) = postSolution
		{A63D2CF1-246F-4044-8645-117311F5F2B1}.Debug|Any CPU.ActiveCfg = Debug|Any CPU
		{A63D2CF1-246F-4044-8645-117311F5F2B1}.Debug|Any CPU.Build.0 = Debug|Any CPU
		{A63D2CF1-246F-4044-8645-117311F5F2B1}.Release|Any CPU.ActiveCfg = Release|Any CPU
		{A63D2CF1-246F-4044-8645-117311F5F2B1}.Release|Any CPU.Build.0 = Release|Any CPU
		{86CE0FFE-E011-4CA8-A443-8EC6F813CADC}.Debug|Any CPU.ActiveCfg = Debug|Any CPU
		{86CE0FFE-E011-4CA8-A443-8EC6F813CADC}.Debug|Any CPU.Build.0 = Debug|Any CPU
		{86CE0FFE-E011-4CA8-A443-8EC6F813CADC}.Release|Any CPU.ActiveCfg = Release|Any CPU
		{86CE0FFE-E011-4CA8-A443-8EC6F813CADC}.Release|Any CPU.Build.0 = Release|Any CPU
		{B0AE7837-4C94-41C5-8C3D-C83B803F2FA2}.Debug|Any CPU.ActiveCfg = Debug|Any CPU
		{B0AE7837-4C94-41C5-8C3D-C83B803F2FA2}.Release|Any CPU.ActiveCfg = Release|Any CPU
		{F56E4C01-8D49-42F9-A111-63C2D3200A88}.Debug|Any CPU.ActiveCfg = Debug|Any CPU
		{F56E4C01-8D49-42F9-A111-63C2D3200A88}.Debug|Any CPU.Build.0 = Debug|Any CPU
		{F56E4C01-8D49-42F9-A111-63C2D3200A88}.Release|Any CPU.ActiveCfg = Release|Any CPU
		{F56E4C01-8D49-42F9-A111-63C2D3200A88}.Release|Any CPU.Build.0 = Release|Any CPU
		{E7AA4DC8-349E-4BAC-91BD-7D64E22FCF64}.Debug|Any CPU.ActiveCfg = Debug|Any CPU
		{E7AA4DC8-349E-4BAC-91BD-7D64E22FCF64}.Debug|Any CPU.Build.0 = Debug|Any CPU
		{E7AA4DC8-349E-4BAC-91BD-7D64E22FCF64}.Release|Any CPU.ActiveCfg = Release|Any CPU
		{E7AA4DC8-349E-4BAC-91BD-7D64E22FCF64}.Release|Any CPU.Build.0 = Release|Any CPU
		{9A5B5B31-6390-4E2D-A978-4074E81FC0B3}.Debug|Any CPU.ActiveCfg = Debug|Any CPU
		{9A5B5B31-6390-4E2D-A978-4074E81FC0B3}.Debug|Any CPU.Build.0 = Debug|Any CPU
		{9A5B5B31-6390-4E2D-A978-4074E81FC0B3}.Release|Any CPU.ActiveCfg = Release|Any CPU
		{9A5B5B31-6390-4E2D-A978-4074E81FC0B3}.Release|Any CPU.Build.0 = Release|Any CPU
	EndGlobalSection
	GlobalSection(SolutionProperties) = preSolution
		HideSolutionNode = FALSE
	EndGlobalSection
	GlobalSection(NestedProjects) = preSolution
		{F56E4C01-8D49-42F9-A111-63C2D3200A88} = {11805F6D-3D2F-472D-A3C8-56ED4302D10E}
		{E7AA4DC8-349E-4BAC-91BD-7D64E22FCF64} = {11805F6D-3D2F-472D-A3C8-56ED4302D10E}
		{9A5B5B31-6390-4E2D-A978-4074E81FC0B3} = {11805F6D-3D2F-472D-A3C8-56ED4302D10E}
	EndGlobalSection
EndGlobal
